<?xml version="1.0" encoding="utf-8"?>
<Project ToolsVersion="4.0" xmlns="http://schemas.microsoft.com/developer/msbuild/2003">
  <ItemGroup>
    <Filter Include="Cheyette">
      <UniqueIdentifier>{7d66b077-a685-44b0-8a96-95ad19dc1e40}</UniqueIdentifier>
    </Filter>
    <Filter Include="Cheyette\CheyetteModel">
      <UniqueIdentifier>{c463031e-5db0-4a07-99fc-8050d0b997c0}</UniqueIdentifier>
    </Filter>
    <Filter Include="Cheyette\Pricer">
      <UniqueIdentifier>{4368ac28-0c48-4b12-85f2-00db991db00f}</UniqueIdentifier>
    </Filter>
    <Filter Include="Cheyette\unit_test">
      <UniqueIdentifier>{b73b4645-5f8b-40fe-8a26-b8a6d582b297}</UniqueIdentifier>
    </Filter>
    <Filter Include="LMM">
      <UniqueIdentifier>{a9852c4b-410b-4b84-b90a-6ed6b43dd056}</UniqueIdentifier>
    </Filter>
    <Filter Include="LMM\RNGenerator">
      <UniqueIdentifier>{c32a7c80-685c-42e5-8da7-bd3a1a3ab0ec}</UniqueIdentifier>
    </Filter>
    <Filter Include="LMM\Test">
      <UniqueIdentifier>{3c9c797d-0336-4a62-b8e5-a82d8dd63ba0}</UniqueIdentifier>
    </Filter>
    <Filter Include="LMM\Test\Test_OK">
      <UniqueIdentifier>{6a1422aa-eafc-46c5-9a67-041b4fb11466}</UniqueIdentifier>
    </Filter>
    <Filter Include="LMM\Test\Test_CreateLmmModel">
      <UniqueIdentifier>{7954fb60-795b-48bb-a5bb-cc3e01492655}</UniqueIdentifier>
    </Filter>
    <Filter Include="LMM\Test\Test_JL">
      <UniqueIdentifier>{9c531380-6777-4f78-9f96-9049c00da571}</UniqueIdentifier>
    </Filter>
    <Filter Include="LMM\calibration">
      <UniqueIdentifier>{c3f1243f-268a-42e7-971c-121d9ea8489d}</UniqueIdentifier>
    </Filter>
    <Filter Include="LMM\greek">
      <UniqueIdentifier>{40c6088c-1c9a-4b30-a5a4-b086cd3bd45f}</UniqueIdentifier>
    </Filter>
    <Filter Include="LMM\helper">
      <UniqueIdentifier>{1335a672-b5cb-4d00-a169-7ccbadabc897}</UniqueIdentifier>
    </Filter>
    <Filter Include="LMM\helper\Rubish">
      <UniqueIdentifier>{61d6b842-465f-4fc5-b1c0-b8217be233b2}</UniqueIdentifier>
    </Filter>
    <Filter Include="LMM\helper\Element">
      <UniqueIdentifier>{962da269-82ae-449c-8de3-0503196e9273}</UniqueIdentifier>
    </Filter>
    <Filter Include="LMM\instrument">
      <UniqueIdentifier>{fa5cfef4-1c9e-4975-a1ea-ba06a8bf9e2b}</UniqueIdentifier>
    </Filter>
    <Filter Include="LMM\instrument\CallableOption">
      <UniqueIdentifier>{55a32a40-d98b-42d9-975d-33c96b095703}</UniqueIdentifier>
    </Filter>
    <Filter Include="LMM\instrument\GeneticSwap">
      <UniqueIdentifier>{b5caf971-fcab-495a-ac2b-9e918203b128}</UniqueIdentifier>
    </Filter>
    <Filter Include="LMM\LmmModel">
      <UniqueIdentifier>{1295fc04-26de-4151-b70b-c95fe619b5df}</UniqueIdentifier>
    </Filter>
    <Filter Include="LMM\LmmModel\Correlation">
      <UniqueIdentifier>{ec9660db-b238-4d3d-8350-31b06a33c6f6}</UniqueIdentifier>
    </Filter>
    <Filter Include="LMM\LmmModel\Volatility">
      <UniqueIdentifier>{d9b6ec18-a916-4d1e-b6fd-0f2b69a881bb}</UniqueIdentifier>
    </Filter>
    <Filter Include="LMM\LmmModel\LmmMC">
      <UniqueIdentifier>{8a863963-5c47-444f-bb81-985f5a2ebcec}</UniqueIdentifier>
    </Filter>
    <Filter Include="LMM\LmmModel\Lmm">
      <UniqueIdentifier>{cdca0dca-af82-462a-bcc0-f0f9d1dca8be}</UniqueIdentifier>
    </Filter>
    <Filter Include="LMM\LmmModel\Dispersion">
      <UniqueIdentifier>{b7754ed1-5d19-4193-b295-c4878a6161a1}</UniqueIdentifier>
    </Filter>
    <Filter Include="LMM\LmmModel\Calibration">
      <UniqueIdentifier>{b4556d40-784a-44f4-bf27-4c8ae0af7299}</UniqueIdentifier>
    </Filter>
    <Filter Include="LMM\numeric">
      <UniqueIdentifier>{ab56656b-7e22-4bb6-a546-a3530cf45098}</UniqueIdentifier>
    </Filter>
    <Filter Include="LMM\pricer">
      <UniqueIdentifier>{ff8bc713-1903-47ff-9659-d199913535ce}</UniqueIdentifier>
    </Filter>
    <Filter Include="LMM\pricer\CapletPricer">
      <UniqueIdentifier>{2b45091b-3ffe-4cdf-a649-768094e8a803}</UniqueIdentifier>
    </Filter>
    <Filter Include="LMM\pricer\SwapPricer">
      <UniqueIdentifier>{106fc630-cdb4-4fe3-b607-e56120705a68}</UniqueIdentifier>
    </Filter>
    <Filter Include="LMM\pricer\SwaptionPricer">
      <UniqueIdentifier>{de193b2f-380e-48d5-9432-cd075d2178e4}</UniqueIdentifier>
    </Filter>
    <Filter Include="LMM\pricer\FRAPricer">
      <UniqueIdentifier>{dee230fe-a094-4cc7-ac8b-47abb1ab6776}</UniqueIdentifier>
    </Filter>
    <Filter Include="LMM\pricer\FRAPricer\GeneticSwap">
      <UniqueIdentifier>{4f70ec42-0f2f-4a9a-8474-94b006e6dc83}</UniqueIdentifier>
    </Filter>
    <Filter Include="LMM\pricer\CallableOptionPricer">
      <UniqueIdentifier>{c4dd8d88-feeb-4cdd-b8ad-b400f91ccd5c}</UniqueIdentifier>
    </Filter>
    <Filter Include="LMM\pricer\GeneticSwapPricer">
      <UniqueIdentifier>{c3e00c12-67f8-4895-be38-a3fc4c763f3f}</UniqueIdentifier>
    </Filter>
  </ItemGroup>
  <ItemGroup>
    <ClInclude Include="LMM\RNGenerator\McGenerator.h">
      <Filter>LMM\RNGenerator</Filter>
    </ClInclude>
    <ClInclude Include="LMM\RNGenerator\QMcGenerator.h">
      <Filter>LMM\RNGenerator</Filter>
    </ClInclude>
    <ClInclude Include="LMM\numeric\BilinearInterpolation.h">
      <Filter>LMM\numeric</Filter>
    </ClInclude>
    <ClInclude Include="LMM\numeric\Interpolation.h">
      <Filter>LMM\numeric</Filter>
    </ClInclude>
    <ClInclude Include="LMM\numeric\NumericalMethods.h">
      <Filter>LMM\numeric</Filter>
    </ClInclude>
    <ClInclude Include="LMM\instrument\CMS.h">
      <Filter>LMM\instrument</Filter>
    </ClInclude>
    <ClInclude Include="LMM\instrument\instrument.h">
      <Filter>LMM\instrument</Filter>
    </ClInclude>
    <ClInclude Include="LMM\instrument\Product.h">
      <Filter>LMM\instrument</Filter>
    </ClInclude>
    <ClInclude Include="LMM\instrument\Tarn.h">
      <Filter>LMM\instrument</Filter>
    </ClInclude>
    <ClInclude Include="LMM\instrument\VanillaSwap.h">
      <Filter>LMM\instrument</Filter>
    </ClInclude>
    <ClInclude Include="LMM\instrument\VanillaSwaption.h">
      <Filter>LMM\instrument</Filter>
    </ClInclude>
    <ClInclude Include="LMM\pricer\LmmTarnPricer.h">
      <Filter>LMM\pricer</Filter>
    </ClInclude>
    <ClInclude Include="LMM\pricer\McPricer.h">
      <Filter>LMM\pricer</Filter>
    </ClInclude>
    <ClInclude Include="LMM\pricer\StaticReplicationCMS.h">
      <Filter>LMM\pricer</Filter>
    </ClInclude>
    <ClInclude Include="LMM\helper\BuildVariable.h">
      <Filter>LMM\helper</Filter>
    </ClInclude>
    <ClInclude Include="LMM\helper\EqualOperator.h">
      <Filter>LMM\helper</Filter>
    </ClInclude>
    <ClInclude Include="LMM\helper\GenericPath.h">
      <Filter>LMM\helper</Filter>
    </ClInclude>
    <ClInclude Include="LMM\helper\LMMTenorStructure.h">
      <Filter>LMM\helper</Filter>
    </ClInclude>
    <ClInclude Include="LMM\helper\Name.h">
      <Filter>LMM\helper</Filter>
    </ClInclude>
    <ClInclude Include="LMM\helper\Printer.h">
      <Filter>LMM\helper</Filter>
    </ClInclude>
    <ClInclude Include="LMM\helper\StaticReplicationFormula.h">
      <Filter>LMM\helper</Filter>
    </ClInclude>
    <ClInclude Include="LMM\helper\TenorType.h">
      <Filter>LMM\helper</Filter>
    </ClInclude>
    <ClInclude Include="LMM\helper\Tensor.h">
      <Filter>LMM\helper</Filter>
    </ClInclude>
    <ClInclude Include="LMM\helper\TypeConverter.h">
      <Filter>LMM\helper</Filter>
    </ClInclude>
    <ClInclude Include="LMM\pricer\LmmVanillaSwaptionApproxPricer.h">
      <Filter>LMM\pricer\SwaptionPricer</Filter>
    </ClInclude>
    <ClInclude Include="LMM\pricer\McLmmVanillaSwapPricer.h">
      <Filter>LMM\pricer\SwapPricer</Filter>
    </ClInclude>
    <ClInclude Include="LMM\pricer\McLmmVanillaSwaptionPricer.h">
      <Filter>LMM\pricer\SwaptionPricer</Filter>
    </ClInclude>
    <ClInclude Include="LMM\instrument\VanillaCaplet.h">
      <Filter>LMM\instrument</Filter>
    </ClInclude>
    <ClInclude Include="LMM\pricer\McLmmVanillaCapletPricer.h">
      <Filter>LMM\pricer\CapletPricer</Filter>
    </ClInclude>
    <ClInclude Include="LMM\pricer\LmmVanillaCapletPricer.h">
      <Filter>LMM\pricer\CapletPricer</Filter>
    </ClInclude>
    <ClInclude Include="LMM\LmmModel\Correlation.h">
      <Filter>LMM\LmmModel\Correlation</Filter>
    </ClInclude>
    <ClInclude Include="LMM\LmmModel\PCA.h">
      <Filter>LMM\LmmModel\Correlation</Filter>
    </ClInclude>
    <ClInclude Include="LMM\LmmModel\McLmm.h">
      <Filter>LMM\LmmModel\LmmMC</Filter>
    </ClInclude>
    <ClInclude Include="LMM\LmmModel\McSpotLmm.h">
      <Filter>LMM\LmmModel\LmmMC</Filter>
    </ClInclude>
    <ClInclude Include="LMM\LmmModel\McTerminalLmm.h">
      <Filter>LMM\LmmModel\LmmMC</Filter>
    </ClInclude>
    <ClInclude Include="LMM\LmmModel\VolatilityFunction.h">
      <Filter>LMM\LmmModel\Volatility</Filter>
    </ClInclude>
    <ClInclude Include="LMM\LmmModel\VolatilityGridBuilder.h">
      <Filter>LMM\LmmModel\Volatility</Filter>
    </ClInclude>
    <ClInclude Include="LMM\pricer\LmmVanillaSwaptionApproxPricer_Rebonato.h">
      <Filter>LMM\pricer\SwaptionPricer</Filter>
    </ClInclude>
    <ClInclude Include="LMM\LmmModel\RebonatoAngle.h">
      <Filter>LMM\LmmModel\Correlation</Filter>
    </ClInclude>
    <ClInclude Include="LMM\instrument\VanillaFRA.h">
      <Filter>LMM\instrument</Filter>
    </ClInclude>
    <ClInclude Include="LMM\pricer\LmmVanillaFRAPricer.h">
      <Filter>LMM\pricer\FRAPricer</Filter>
    </ClInclude>
    <ClInclude Include="LMM\pricer\McLmmVanillaFRAPricer.h">
      <Filter>LMM\pricer\FRAPricer</Filter>
    </ClInclude>
    <ClInclude Include="LMM\helper\Functional.h">
      <Filter>LMM\helper</Filter>
    </ClInclude>
    <ClInclude Include="LMM\helper\CombinationOperator.h">
      <Filter>LMM\helper\Rubish</Filter>
    </ClInclude>
    <ClInclude Include="LMM\helper\DerivatibleFunction.h">
      <Filter>LMM\helper\Rubish</Filter>
    </ClInclude>
    <ClInclude Include="LMM\pricer\LmmVanillaSwaptionApproxPricer_Piterbarg.h">
      <Filter>LMM\pricer\SwaptionPricer</Filter>
    </ClInclude>
    <ClInclude Include="LMM\pricer\LmmVanillaSwapPricer.h">
      <Filter>LMM\pricer\SwapPricer</Filter>
    </ClInclude>
    <ClInclude Include="LMM\pricer\LmmVanillaSwaptionApproxPricer_MP.h">
      <Filter>LMM\pricer\SwaptionPricer</Filter>
    </ClInclude>
    <ClInclude Include="LMM\helper\Noise.h">
      <Filter>LMM\helper</Filter>
    </ClInclude>
    <ClInclude Include="LMM\LmmModel\Lmm.h">
      <Filter>LMM\LmmModel\Lmm</Filter>
    </ClInclude>
    <ClInclude Include="LMM\LmmModel\ShiftedLmm.h">
      <Filter>LMM\LmmModel\Lmm</Filter>
    </ClInclude>
    <ClInclude Include="LMM\LmmModel\BetaLmm.h">
      <Filter>LMM\LmmModel\Lmm</Filter>
    </ClInclude>
    <ClInclude Include="LMM\LmmModel\Dispersion.h">
      <Filter>LMM\LmmModel\Dispersion</Filter>
    </ClInclude>
    <ClInclude Include="LMM\LmmModel\ConstShifted_HGVolatilityFunction.h">
      <Filter>LMM\LmmModel\Volatility</Filter>
    </ClInclude>
    <ClInclude Include="LMM\LmmModel\Shifted_HGVolatilityFunction.h">
      <Filter>LMM\LmmModel\Volatility</Filter>
    </ClInclude>
    <ClInclude Include="LMM\LmmModel\BetaShifted_HGVolatilityFunction.h">
      <Filter>LMM\LmmModel\Volatility</Filter>
    </ClInclude>
    <ClInclude Include="LMM\LmmModel\UpperTriangleVanillaSwaptionQuotes.h">
      <Filter>LMM\LmmModel\Calibration</Filter>
    </ClInclude>
    <ClInclude Include="LMM\LmmModel\GMatrixMapping.h">
      <Filter>LMM\LmmModel\Calibration</Filter>
    </ClInclude>
    <ClInclude Include="LMM\pricer\McLmmBermudanSwaptionPricer.h">
      <Filter>LMM\pricer\CallableOptionPricer</Filter>
    </ClInclude>
    <ClInclude Include="LMM\instrument\BermudanSwaption.h">
      <Filter>LMM\instrument\CallableOption</Filter>
    </ClInclude>
    <ClInclude Include="LMM\instrument\CallableOption.h">
      <Filter>LMM\instrument\CallableOption</Filter>
    </ClInclude>
    <ClInclude Include="LMM\pricer\Regression.h">
      <Filter>LMM\pricer\CallableOptionPricer</Filter>
    </ClInclude>
    <ClInclude Include="LMM\pricer\McLmmCallableOptionPricer.h">
      <Filter>LMM\pricer\CallableOptionPricer</Filter>
    </ClInclude>
    <ClInclude Include="LMM\LmmModel\LmmPenalty.h">
      <Filter>LMM\LmmModel\Calibration</Filter>
    </ClInclude>
    <ClInclude Include="LMM\LmmModel\LmmSwaptionMarketData.h">
      <Filter>LMM\LmmModel\Calibration</Filter>
    </ClInclude>
    <ClInclude Include="LMM\LmmModel\LmmABCDFinder.h">
      <Filter>LMM\LmmModel\Calibration</Filter>
    </ClInclude>
    <ClInclude Include="LMM\LmmModel\LmmSkewCostFunction.h">
      <Filter>LMM\LmmModel\Calibration</Filter>
    </ClInclude>
    <ClInclude Include="LMM\LmmModel\LmmShiftCalibrator.h">
      <Filter>LMM\LmmModel\Calibration</Filter>
    </ClInclude>
    <ClInclude Include="LMM\LmmModel\LmmABCDCostFunction.h">
      <Filter>LMM\LmmModel\Calibration</Filter>
    </ClInclude>
    <ClInclude Include="LMM\helper\InputFileManager.h">
      <Filter>LMM\helper</Filter>
    </ClInclude>
    <ClInclude Include="LMM\LmmModel\LmmABCDCalibrator.h">
      <Filter>LMM\LmmModel\Calibration</Filter>
    </ClInclude>
    <ClInclude Include="LMM\numeric\UpperTriangularMatrixInterpolator.h">
      <Filter>LMM\numeric</Filter>
    </ClInclude>
    <ClInclude Include="LMM\helper\CalibrationType.h">
      <Filter>LMM\helper</Filter>
    </ClInclude>
    <ClInclude Include="LMM\helper\LmmGnuplotPrinterMatrix.h">
      <Filter>LMM\helper</Filter>
    </ClInclude>
    <ClInclude Include="LMM\calibration\LmmCalibrationConfig.h">
      <Filter>LMM\LmmModel\Calibration</Filter>
    </ClInclude>
    <ClInclude Include="LMM\LmmModel\LmmCorrelationCostFunction.h">
      <Filter>LMM\LmmModel\Calibration</Filter>
    </ClInclude>
    <ClInclude Include="LMM\LmmModel\LmmCorrelationCalibrator.h">
      <Filter>LMM\LmmModel\Calibration</Filter>
    </ClInclude>
    <ClInclude Include="LMM\greek\LmmVega.h">
      <Filter>LMM\greek</Filter>
    </ClInclude>
    <ClInclude Include="LMM\helper\TriangularMatrixConverter.h">
      <Filter>LMM\helper</Filter>
    </ClInclude>
    <ClInclude Include="LMM\LmmModel\LmmBaseCostFunction.h">
      <Filter>LMM\LmmModel\Calibration</Filter>
    </ClInclude>
    <ClInclude Include="LMM\LmmModel\LmmGlobal_gCostFunction.h">
      <Filter>LMM\LmmModel\Calibration</Filter>
    </ClInclude>
    <ClInclude Include="LMM\LmmModel\LmmLocal_gCostFunction.h">
      <Filter>LMM\LmmModel\Calibration</Filter>
    </ClInclude>
    <ClInclude Include="LMM\LmmModel\LmmCascade_gCostFunction.h">
      <Filter>LMM\LmmModel\Calibration</Filter>
    </ClInclude>
    <ClInclude Include="LMM\LmmModel\LmmBaseCalibrator.h">
      <Filter>LMM\LmmModel\Calibration</Filter>
    </ClInclude>
    <ClInclude Include="LMM\LmmModel\LmmGlobal_gCalibrator.h">
      <Filter>LMM\LmmModel\Calibration</Filter>
    </ClInclude>
    <ClInclude Include="LMM\LmmModel\LmmLocal_gCalibrator.h">
      <Filter>LMM\LmmModel\Calibration</Filter>
    </ClInclude>
    <ClInclude Include="LMM\LmmModel\LmmCascade_gCalibrator.h">
      <Filter>LMM\LmmModel\Calibration</Filter>
    </ClInclude>
    <ClInclude Include="LMM\RNGenerator\RNGenerator.h">
      <Filter>LMM\RNGenerator</Filter>
    </ClInclude>
    <ClInclude Include="LMM\numeric\Integrator1D.h">
      <Filter>LMM\numeric</Filter>
    </ClInclude>
    <ClInclude Include="JBLMM\Pricer\GeneticVanillaSwapPricer.h">
      <Filter>LMM\pricer\GeneticSwapPricer</Filter>
    </ClInclude>
    <ClInclude Include="JBLMM\Pricer\McGeneticSwapLMMPricer.h">
      <Filter>LMM\pricer\GeneticSwapPricer</Filter>
    </ClInclude>
    <ClInclude Include="JBLMM\Instrument\CallableSwap.h">
      <Filter>LMM\instrument\GeneticSwap</Filter>
    </ClInclude>
    <ClInclude Include="JBLMM\Instrument\GeneticSwap.h">
      <Filter>LMM\instrument\GeneticSwap</Filter>
    </ClInclude>
    <ClInclude Include="JBLMM\Instrument\GeneticSwaption.h">
      <Filter>LMM\instrument\GeneticSwap</Filter>
    </ClInclude>
    <ClInclude Include="JBLMM\Instrument\InstrumentFactory.h">
      <Filter>LMM\instrument\GeneticSwap</Filter>
    </ClInclude>
    <ClInclude Include="JBLMM\Instrument\VanillaSwapRate.h">
      <Filter>LMM\instrument\GeneticSwap</Filter>
    </ClInclude>
    <ClInclude Include="JBLMM\Element\CappedFlooredCoupon.h">
      <Filter>LMM\helper\Element</Filter>
    </ClInclude>
    <ClInclude Include="JBLMM\Element\Coupon.h">
      <Filter>LMM\helper\Element</Filter>
    </ClInclude>
    <ClInclude Include="JBLMM\Element\CouponLeg.h">
      <Filter>LMM\helper\Element</Filter>
    </ClInclude>
    <ClInclude Include="JBLMM\Element\LiborRate.h">
      <Filter>LMM\helper\Element</Filter>
    </ClInclude>
    <ClInclude Include="JBLMM\Element\RatchetCoupon.h">
      <Filter>LMM\helper\Element</Filter>
    </ClInclude>
    <ClInclude Include="JBLMM\Element\Rate.h">
      <Filter>LMM\helper\Element</Filter>
    </ClInclude>
    <ClInclude Include="JBLMM\Element\TargetCoupon.h">
      <Filter>LMM\helper\Element</Filter>
    </ClInclude>
    <ClInclude Include="JBLMM\Pricer\McGeneticTargetSwapLmmPricer.h">
      <Filter>LMM\pricer\GeneticSwapPricer</Filter>
    </ClInclude>
    <ClInclude Include="Cheyette\CheyetteModel\CheyetteDD_Model.h">
      <Filter>Cheyette\CheyetteModel</Filter>
    </ClInclude>
    <ClInclude Include="Cheyette\CheyetteModel\CourbeInput.h">
      <Filter>Cheyette\CheyetteModel</Filter>
    </ClInclude>
    <ClInclude Include="Cheyette\Pricer\CheyetteDD_VanillaSwaptionApproxPricer.h">
      <Filter>Cheyette\Pricer</Filter>
    </ClInclude>
    <ClInclude Include="Cheyette\Pricer\MC_Cheyette.h">
      <Filter>Cheyette\Pricer</Filter>
    </ClInclude>
    <ClInclude Include="Cheyette\Pricer\MC_CheyetteDD_VanillaSwapPricer.h">
      <Filter>Cheyette\Pricer</Filter>
    </ClInclude>
    <ClInclude Include="Cheyette\Pricer\MC_CheyetteDD_VanillaSwaptionPricer.h">
      <Filter>Cheyette\Pricer</Filter>
    </ClInclude>
    <ClInclude Include="Cheyette\Pricer\MC_CheyetteDD_ZCPricer.h">
      <Filter>Cheyette\Pricer</Filter>
    </ClInclude>
    <ClInclude Include="Cheyette\InverseFunction.h">
      <Filter>Cheyette</Filter>
    </ClInclude>
    <ClInclude Include="Cheyette\Fonction.h">
      <Filter>Cheyette</Filter>
    </ClInclude>
    <ClInclude Include="Cheyette\unit_test\TestMC.h">
      <Filter>Cheyette\unit_test</Filter>
    </ClInclude>
    <ClInclude Include="Cheyette\unit_test\TestIntegrator1D_2D.h">
      <Filter>Cheyette\unit_test</Filter>
    </ClInclude>
    <ClInclude Include="Cheyette\unit_test\TestFonction.h">
      <Filter>Cheyette\unit_test</Filter>
    </ClInclude>
    <ClInclude Include="Cheyette\unit_test\TestApproxDD.h">
      <Filter>Cheyette\unit_test</Filter>
    </ClInclude>
    <ClInclude Include="Cheyette\unit_test\Test_CheyetteDD_Model.h">
      <Filter>Cheyette\unit_test</Filter>
    </ClInclude>
    <ClInclude Include="LMM\calibration\RebonatoVolatilityCostFunction.h" />
    <ClInclude Include="LMM\calibration\SwaptionMarketDataContainer.h" />
    <ClInclude Include="LMM\calibration\SwaptionMarketDataManager.h" />
    <ClInclude Include="LMM\calibration\TestCostFunction.h" />
    <ClInclude Include="LMM\calibration\TestHGVolatilityParam.h" />
    <ClInclude Include="LMM\instrument\Caplet.h" />
    <ClInclude Include="LMM\numeric\RRFunction.h" />
    <ClInclude Include="LMM\pricer\LmmApproxVanillaSwaptionPricer.h" />
    <ClInclude Include="LMM\pricer\LmmCapletPricer.h" />
    <ClInclude Include="LMM\pricer\LmmSwaptionPricer.h" />
    <ClInclude Include="Cheyette\Pricer\MC_CheyetteDD_GenericSwapPricer.h" />
    <ClInclude Include="Cheyette\unit_test\TestMCGeneric.h" />
    <ClInclude Include="Cheyette\Pricer\MC_CheyetteDD_GenericSwaptionPricer.h" />
    <ClInclude Include="Cheyette\unit_test\TestMC_vs_approx.h" />
    <ClInclude Include="Cheyette\Calibrator\CheyetteBaseCalibrator.h" />
    <ClInclude Include="Cheyette\Calibrator\CheyetteDD_CostFunctionLevel.h" />
    <ClInclude Include="Cheyette\Calibrator\CheyetteDD_CostFunctionSkew.h" />
    <ClInclude Include="Cheyette\Calibrator\CheyetteDD_LocalCalibrator.h" />
    <ClInclude Include="Cheyette\Calibrator\CheyetteBaseCostFunction.h" />
    <ClInclude Include="LMM\Test\Tests.h" />
    <ClInclude Include="Cheyette\Calibrator\MarketData.h" />
    <ClInclude Include="LMM\LmmModel\LmmSwaptionMarketDataFull.h" />
    <ClInclude Include="Cheyette\CheyetteModel\CheyetteQuad_Model.h" />
    <ClInclude Include="Cheyette\Pricer\CheyetteQuad_VanillaSwaptionApproxPricer.h" />
    <ClInclude Include="Cheyette\Calibrator\MarketDataConvertor.h" />
    <ClInclude Include="Cheyette\unit_test\TestCalibrator.h" />
  </ItemGroup>
  <ItemGroup>
    <ClCompile Include="src\pricer\LmmTarnPricer.cpp">
      <Filter>LMM\pricer</Filter>
    </ClCompile>
    <ClCompile Include="src\pricer\McPricer.cpp">
      <Filter>LMM\pricer</Filter>
    </ClCompile>
    <ClCompile Include="src\pricer\StaticReplicationCMS.cpp">
      <Filter>LMM\pricer</Filter>
    </ClCompile>
    <ClCompile Include="src\instrument\instrument.cpp">
      <Filter>LMM\instrument</Filter>
    </ClCompile>
    <ClCompile Include="src\instrument\Tarn.cpp">
      <Filter>LMM\instrument</Filter>
    </ClCompile>
    <ClCompile Include="src\instrument\VanillaSwap.cpp">
      <Filter>LMM\instrument</Filter>
    </ClCompile>
    <ClCompile Include="src\instrument\VanillaSwaption.cpp">
      <Filter>LMM\instrument</Filter>
    </ClCompile>
    <ClCompile Include="src\helper\LMMTenorStructure.cpp">
      <Filter>LMM\helper</Filter>
    </ClCompile>
    <ClCompile Include="src\helper\StaticReplicationFormula.cpp">
      <Filter>LMM\helper</Filter>
    </ClCompile>
    <ClCompile Include="src\helper\TenorType.cpp">
      <Filter>LMM\helper</Filter>
    </ClCompile>
    <ClCompile Include="src\helper\Tensor.cpp">
      <Filter>LMM\helper</Filter>
    </ClCompile>
    <ClCompile Include="src\helper\TypeConverter.cpp">
      <Filter>LMM\helper</Filter>
    </ClCompile>
    <ClCompile Include="src\numeric\BilinearInterpolation.cpp">
      <Filter>LMM\numeric</Filter>
    </ClCompile>
    <ClCompile Include="src\numeric\Interpolation.cpp">
      <Filter>LMM\numeric</Filter>
    </ClCompile>
    <ClCompile Include="src\numeric\NumericalMethods.cpp">
      <Filter>LMM\numeric</Filter>
    </ClCompile>
    <ClCompile Include="src\RNGenerator\McGenerator.cpp">
      <Filter>LMM\RNGenerator</Filter>
    </ClCompile>
    <ClCompile Include="src\RNGenerator\QMcGenerator.cpp">
      <Filter>LMM\RNGenerator</Filter>
    </ClCompile>
    <ClCompile Include="src\pricer\McLmmVanillaSwapPricer.cpp">
      <Filter>LMM\pricer\SwapPricer</Filter>
    </ClCompile>
    <ClCompile Include="src\pricer\McLmmVanillaSwaptionPricer.cpp">
      <Filter>LMM\pricer\SwaptionPricer</Filter>
    </ClCompile>
    <ClCompile Include="src\instrument\VanillaCaplet.cpp">
      <Filter>LMM\instrument</Filter>
    </ClCompile>
    <ClCompile Include="src\pricer\LmmVanillaCapletPricer.cpp">
      <Filter>LMM\pricer\CapletPricer</Filter>
    </ClCompile>
    <ClCompile Include="src\pricer\McLmmVanillaCapletPricer.cpp">
      <Filter>LMM\pricer\CapletPricer</Filter>
    </ClCompile>
    <ClCompile Include="src\LmmModel\Correlation.cpp">
      <Filter>LMM\LmmModel\Correlation</Filter>
    </ClCompile>
    <ClCompile Include="src\LmmModel\PCA.cpp">
      <Filter>LMM\LmmModel\Correlation</Filter>
    </ClCompile>
    <ClCompile Include="src\LmmModel\McLmm.cpp">
      <Filter>LMM\LmmModel\LmmMC</Filter>
    </ClCompile>
    <ClCompile Include="src\LmmModel\McSpotLmm.cpp">
      <Filter>LMM\LmmModel\LmmMC</Filter>
    </ClCompile>
    <ClCompile Include="src\LmmModel\McTerminalLmm.cpp">
      <Filter>LMM\LmmModel\LmmMC</Filter>
    </ClCompile>
    <ClCompile Include="src\LmmModel\VolatilityGridBuilder.cpp">
      <Filter>LMM\LmmModel\Volatility</Filter>
    </ClCompile>
    <ClCompile Include="src\pricer\LmmVanillaSwaptionApproxPricer_Rebonato.cpp">
      <Filter>LMM\pricer\SwaptionPricer</Filter>
    </ClCompile>
    <ClCompile Include="src\LmmModel\RebonatoAngle.cpp">
      <Filter>LMM\LmmModel\Correlation</Filter>
    </ClCompile>
    <ClCompile Include="src\instrument\VanillaFRA.cpp">
      <Filter>LMM\instrument</Filter>
    </ClCompile>
    <ClCompile Include="src\pricer\LmmVanillaFRAPricer.cpp">
      <Filter>LMM\pricer\FRAPricer</Filter>
    </ClCompile>
    <ClCompile Include="src\pricer\McLmmVanillaFRAPricer.cpp">
      <Filter>LMM\pricer\FRAPricer</Filter>
    </ClCompile>
    <ClCompile Include="src\helper\Functional.cpp">
      <Filter>LMM\helper</Filter>
    </ClCompile>
    <ClCompile Include="src\helper\CombinationOperator.cpp">
      <Filter>LMM\helper\Rubish</Filter>
    </ClCompile>
    <ClCompile Include="src\helper\DerivatibleFunction.cpp">
      <Filter>LMM\helper\Rubish</Filter>
    </ClCompile>
    <ClCompile Include="src\instrument\CMS.cpp">
      <Filter>LMM\instrument</Filter>
    </ClCompile>
    <ClCompile Include="src\pricer\LmmVanillaSwaptionApproxPricer_Piterbarg.cpp">
      <Filter>LMM\pricer\SwaptionPricer</Filter>
    </ClCompile>
    <ClCompile Include="src\pricer\LmmVanillaSwapPricer.cpp">
      <Filter>LMM\pricer\SwapPricer</Filter>
    </ClCompile>
    <ClCompile Include="src\pricer\LmmVanillaSwaptionApproxPricer_MP.cpp">
      <Filter>LMM\pricer\SwaptionPricer</Filter>
    </ClCompile>
    <ClCompile Include="src\helper\Noise.cpp">
      <Filter>LMM\helper</Filter>
    </ClCompile>
    <ClCompile Include="src\LmmModel\Lmm.cpp">
      <Filter>LMM\LmmModel\Lmm</Filter>
    </ClCompile>
    <ClCompile Include="src\LmmModel\ShiftedLmm.cpp">
      <Filter>LMM\LmmModel\Lmm</Filter>
    </ClCompile>
    <ClCompile Include="src\LmmModel\BetaLmm.cpp">
      <Filter>LMM\LmmModel\Lmm</Filter>
    </ClCompile>
    <ClCompile Include="src\LmmModel\Dispersion.cpp">
      <Filter>LMM\LmmModel\Dispersion</Filter>
    </ClCompile>
    <ClCompile Include="src\LmmModel\ConstShifted_HGVolatilityFunction.cpp">
      <Filter>LMM\LmmModel\Volatility</Filter>
    </ClCompile>
    <ClCompile Include="src\LmmModel\Shifted_HGVolatilityFunction.cpp">
      <Filter>LMM\LmmModel\Volatility</Filter>
    </ClCompile>
    <ClCompile Include="src\LmmModel\BetaShifted_HGVolatilityFunction.cpp">
      <Filter>LMM\LmmModel\Volatility</Filter>
    </ClCompile>
    <ClCompile Include="src\LmmModel\UpperTriangleVanillaSwaptionQuotes.cpp">
      <Filter>LMM\LmmModel\Calibration</Filter>
    </ClCompile>
    <ClCompile Include="src\LmmModel\GMatrixMapping.cpp">
      <Filter>LMM\LmmModel\Calibration</Filter>
    </ClCompile>
    <ClCompile Include="src\pricer\McLmmBermudanSwaptionPricer.cpp">
      <Filter>LMM\pricer\CallableOptionPricer</Filter>
    </ClCompile>
    <ClCompile Include="src\instrument\BermudanSwaption.cpp">
      <Filter>LMM\instrument\CallableOption</Filter>
    </ClCompile>
    <ClCompile Include="src\instrument\CallableOption.cpp">
      <Filter>LMM\instrument\CallableOption</Filter>
    </ClCompile>
    <ClCompile Include="src\pricer\Regression.cpp">
      <Filter>LMM\pricer\CallableOptionPricer</Filter>
    </ClCompile>
    <ClCompile Include="src\pricer\McLmmCallableOptionPricer.cpp">
      <Filter>LMM\pricer\CallableOptionPricer</Filter>
    </ClCompile>
    <ClCompile Include="src\pricer\McLmmCallableOptionPricer.cpp" />
    <ClCompile Include="src\LmmModel\LmmPenalty.cpp">
      <Filter>LMM\LmmModel\Calibration</Filter>
    </ClCompile>
    <ClCompile Include="src\LmmModel\LmmSwaptionMarketData.cpp">
      <Filter>LMM\LmmModel\Calibration</Filter>
    </ClCompile>
    <ClCompile Include="src\LmmModel\LmmABCDFinder.cpp">
      <Filter>LMM\LmmModel\Calibration</Filter>
    </ClCompile>
    <ClCompile Include="src\LmmModel\LmmSkewCostFunction.cpp">
      <Filter>LMM\LmmModel\Calibration</Filter>
    </ClCompile>
    <ClCompile Include="src\LmmModel\LmmShiftCalibrator.cpp">
      <Filter>LMM\LmmModel\Calibration</Filter>
    </ClCompile>
    <ClCompile Include="src\LmmModel\LmmABCDCostFunction.cpp">
      <Filter>LMM\LmmModel\Calibration</Filter>
    </ClCompile>
    <ClCompile Include="src\LmmModel\LmmABCDCalibrator.cpp">
      <Filter>LMM\LmmModel\Calibration</Filter>
    </ClCompile>
    <ClCompile Include="src\numeric\UpperTriangularMatrixInterpolator.cpp">
      <Filter>LMM\numeric</Filter>
    </ClCompile>
    <ClCompile Include="src\helper\CalibrationType.cpp">
      <Filter>LMM\helper</Filter>
    </ClCompile>
    <ClCompile Include="src\helper\LmmGnuplotPrinterMatrix.cpp">
      <Filter>LMM\helper</Filter>
    </ClCompile>
    <ClCompile Include="src\calibration\LmmCalibrationConfig.cpp">
      <Filter>LMM\LmmModel\Calibration</Filter>
    </ClCompile>
    <ClCompile Include="src\LmmModel\LmmCorrelationCostFunction.cpp">
      <Filter>LMM\LmmModel\Calibration</Filter>
    </ClCompile>
    <ClCompile Include="src\LmmModel\LmmCorrelationCalibrator.cpp">
      <Filter>LMM\LmmModel\Calibration</Filter>
    </ClCompile>
    <ClCompile Include="src\helper\GenericPath.cpp">
      <Filter>LMM\helper</Filter>
    </ClCompile>
    <ClCompile Include="src\LmmModel\LmmGlobal_gCostFunction.cpp">
      <Filter>LMM\LmmModel\Calibration</Filter>
    </ClCompile>
    <ClCompile Include="src\LmmModel\LmmLocal_gCostFunction.cpp">
      <Filter>LMM\LmmModel\Calibration</Filter>
    </ClCompile>
    <ClCompile Include="src\LmmModel\LmmCascade_gCostFunction.cpp">
      <Filter>LMM\LmmModel\Calibration</Filter>
    </ClCompile>
    <ClCompile Include="src\LmmModel\LmmBaseCalibrator.cpp">
      <Filter>LMM\LmmModel\Calibration</Filter>
    </ClCompile>
    <ClCompile Include="src\LmmModel\LmmGlobal_gCalibrator.cpp">
      <Filter>LMM\LmmModel\Calibration</Filter>
    </ClCompile>
    <ClCompile Include="src\LmmModel\LmmLocal_gCalibrator.cpp">
      <Filter>LMM\LmmModel\Calibration</Filter>
    </ClCompile>
    <ClCompile Include="src\LmmModel\LmmCascade_gCalibrator.cpp">
      <Filter>LMM\LmmModel\Calibration</Filter>
    </ClCompile>
    <ClCompile Include="src\helper\BuildVariable.cpp">
      <Filter>LMM\helper</Filter>
    </ClCompile>
    <ClCompile Include="src\numeric\Integrator1D.cpp">
      <Filter>LMM\numeric</Filter>
    </ClCompile>
    <ClCompile Include="JBLMM\Test\Test_McGeneticSwapLMMPricer.cpp">
      <Filter>LMM\Test\Test_JL</Filter>
    </ClCompile>
    <ClCompile Include="JBLMM\Pricer\GeneticVanillaSwapPricer.cpp">
      <Filter>LMM\pricer\GeneticSwapPricer</Filter>
    </ClCompile>
    <ClCompile Include="JBLMM\Pricer\McGeneticSwapLMMPricer.cpp">
      <Filter>LMM\pricer\GeneticSwapPricer</Filter>
    </ClCompile>
    <ClCompile Include="JBLMM\Instrument\CallableSwap.cpp">
      <Filter>LMM\instrument\GeneticSwap</Filter>
    </ClCompile>
    <ClCompile Include="JBLMM\Instrument\GeneticSwap.cpp">
      <Filter>LMM\instrument\GeneticSwap</Filter>
    </ClCompile>
    <ClCompile Include="JBLMM\Instrument\GeneticSwaption.cpp">
      <Filter>LMM\instrument\GeneticSwap</Filter>
    </ClCompile>
    <ClCompile Include="JBLMM\Instrument\InstrumentFactory.cpp">
      <Filter>LMM\instrument\GeneticSwap</Filter>
    </ClCompile>
    <ClCompile Include="JBLMM\Instrument\VanillaSwapRate.cpp">
      <Filter>LMM\instrument\GeneticSwap</Filter>
    </ClCompile>
    <ClCompile Include="JBLMM\Element\CappedFlooredCoupon.cpp">
      <Filter>LMM\helper\Element</Filter>
    </ClCompile>
    <ClCompile Include="JBLMM\Element\Coupon.cpp">
      <Filter>LMM\helper\Element</Filter>
    </ClCompile>
    <ClCompile Include="JBLMM\Element\CouponLeg.cpp">
      <Filter>LMM\helper\Element</Filter>
    </ClCompile>
    <ClCompile Include="JBLMM\Element\LiborRate.cpp">
      <Filter>LMM\helper\Element</Filter>
    </ClCompile>
    <ClCompile Include="JBLMM\Element\RatchetCoupon.cpp">
      <Filter>LMM\helper\Element</Filter>
    </ClCompile>
    <ClCompile Include="JBLMM\Element\Rate.cpp">
      <Filter>LMM\helper\Element</Filter>
    </ClCompile>
    <ClCompile Include="JBLMM\Element\TargetCoupon.cpp">
      <Filter>LMM\helper\Element</Filter>
    </ClCompile>
    <ClCompile Include="JBLMM\Pricer\McGeneticTargetSwapLmmPricer.cpp">
      <Filter>LMM\pricer\GeneticSwapPricer</Filter>
    </ClCompile>
    <ClCompile Include="JBLMM\Test\Test_Comparaison_VanillaSwap.cpp">
      <Filter>LMM\Test\Test_JL</Filter>
    </ClCompile>
    <ClCompile Include="JBLMM\Element\CappedFlooredCoupon.cpp" />
    <ClCompile Include="JBLMM\Element\Coupon.cpp" />
    <ClCompile Include="JBLMM\Element\CouponLeg.cpp" />
    <ClCompile Include="JBLMM\Element\LiborRate.cpp" />
    <ClCompile Include="JBLMM\Element\RatchetCoupon.cpp" />
    <ClCompile Include="JBLMM\Element\Rate.cpp" />
    <ClCompile Include="JBLMM\Element\TargetCoupon.cpp" />
    <ClCompile Include="JBLMM\Instrument\CallableSwap.cpp" />
    <ClCompile Include="JBLMM\Instrument\GeneticSwap.cpp" />
    <ClCompile Include="JBLMM\Instrument\GeneticSwaption.cpp" />
    <ClCompile Include="JBLMM\Instrument\InstrumentFactory.cpp" />
    <ClCompile Include="JBLMM\Instrument\VanillaSwapRate.cpp" />
    <ClCompile Include="JBLMM\Pricer\GeneticVanillaSwapPricer.cpp" />
    <ClCompile Include="JBLMM\Pricer\McGeneticSwapLMMPricer.cpp" />
    <ClCompile Include="JBLMM\Test\Test_Comparaison_VanillaSwap.cpp" />
    <ClCompile Include="JBLMM\Test\Test_McGeneticSwapLMMPricer.cpp" />
    <ClCompile Include="Cheyette\CheyetteModel\CheyetteDD_Model.cpp" />
    <ClCompile Include="Cheyette\Pricer\CheyetteDD_VanillaSwaptionApproxPricer.cpp" />
    <ClCompile Include="Cheyette\CheyetteModel\courbeInput.cpp" />
    <ClCompile Include="Cheyette\InverseFunction.cpp" />
    <ClCompile Include="Cheyette\unit_test\TestApproxDD.cpp" />
    <ClCompile Include="Cheyette\unit_test\TestFonction.cpp" />
    <ClCompile Include="Cheyette\unit_test\TestMC.cpp" />
    <ClCompile Include="main.cpp" />
    <ClCompile Include="Cheyette\Pricer\MC_CheyetteDD_VanillaSwapPricer.cpp" />
    <ClCompile Include="Cheyette\Pricer\MC_Cheyette.cpp" />
    <ClCompile Include="src\calibration\LmmCalibrationConfig.cpp" />
    <ClCompile Include="src\helper\BuildVariable.cpp" />
    <ClCompile Include="src\helper\CalibrationType.cpp" />
    <ClCompile Include="src\helper\CombinationOperator.cpp" />
    <ClCompile Include="src\helper\DerivatibleFunction.cpp" />
    <ClCompile Include="src\helper\Functional.cpp" />
    <ClCompile Include="src\helper\GenericPath.cpp" />
    <ClCompile Include="src\helper\LmmGnuplotPrinterMatrix.cpp" />
    <ClCompile Include="src\helper\LMMTenorStructure.cpp" />
    <ClCompile Include="src\helper\Noise.cpp" />
    <ClCompile Include="src\helper\StaticReplicationFormula.cpp" />
    <ClCompile Include="src\helper\TenorType.cpp" />
    <ClCompile Include="src\helper\Tensor.cpp" />
    <ClCompile Include="src\helper\TypeConverter.cpp" />
    <ClCompile Include="src\instrument\BermudanSwaption.cpp" />
    <ClCompile Include="src\instrument\CallableOption.cpp" />
    <ClCompile Include="src\instrument\VanillaFRA.cpp" />
    <ClCompile Include="src\instrument\VanillaCaplet.cpp" />
    <ClCompile Include="src\instrument\CMS.cpp" />
    <ClCompile Include="src\instrument\instrument.cpp" />
    <ClCompile Include="src\instrument\Tarn.cpp" />
    <ClCompile Include="src\instrument\VanillaSwap.cpp" />
    <ClCompile Include="src\instrument\VanillaSwaption.cpp" />
    <ClCompile Include="src\LmmModel\LmmABCDCalibrator.cpp" />
    <ClCompile Include="src\LmmModel\LmmABCDCostFunction.cpp" />
    <ClCompile Include="src\LmmModel\LmmABCDFinder.cpp" />
    <ClCompile Include="src\LmmModel\LmmBaseCalibrator.cpp" />
    <ClCompile Include="src\LmmModel\LmmCascade_gCalibrator.cpp" />
    <ClCompile Include="src\LmmModel\LmmCascade_gCostFunction.cpp" />
    <ClCompile Include="src\LmmModel\LmmCorrelationCalibrator.cpp" />
    <ClCompile Include="src\LmmModel\LmmCorrelationCostFunction.cpp" />
    <ClCompile Include="src\LmmModel\LmmGlobal_gCalibrator.cpp" />
    <ClCompile Include="src\LmmModel\LmmGlobal_gCostFunction.cpp" />
    <ClCompile Include="src\LmmModel\LmmLocal_gCalibrator.cpp" />
    <ClCompile Include="src\LmmModel\LmmLocal_gCostFunction.cpp" />
    <ClCompile Include="src\LmmModel\LmmPenalty.cpp" />
    <ClCompile Include="src\LmmModel\LmmShiftCalibrator.cpp" />
    <ClCompile Include="src\LmmModel\LmmSkewCostFunction.cpp" />
    <ClCompile Include="src\LmmModel\LmmSwaptionMarketData.cpp" />
    <ClCompile Include="src\numeric\Integrator1D.cpp" />
    <ClCompile Include="src\numeric\UpperTriangularMatrixInterpolator.cpp" />
    <ClCompile Include="src\pricer\McLmmCallableOptionPricer.cpp" />
    <ClCompile Include="src\LmmModel\BetaLmm.cpp" />
    <ClCompile Include="src\LmmModel\BetaShifted_HGVolatilityFunction.cpp" />
    <ClCompile Include="src\LmmModel\Correlation.cpp" />
    <ClCompile Include="src\LmmModel\Dispersion.cpp" />
    <ClCompile Include="src\LmmModel\GMatrixMapping.cpp" />
    <ClCompile Include="src\pricer\Regression.cpp" />
    <ClCompile Include="src\LmmModel\Shifted_HGVolatilityFunction.cpp" />
    <ClCompile Include="src\LmmModel\Lmm.cpp" />
    <ClCompile Include="src\LmmModel\McLmm.cpp" />
    <ClCompile Include="src\LmmModel\McSpotLmm.cpp" />
    <ClCompile Include="src\LmmModel\McTerminalLmm.cpp" />
    <ClCompile Include="src\LmmModel\PCA.cpp" />
    <ClCompile Include="src\LmmModel\RebonatoAngle.cpp" />
    <ClCompile Include="src\LmmModel\ShiftedLmm.cpp" />
    <ClCompile Include="src\LmmModel\ConstShifted_HGVolatilityFunction.cpp" />
    <ClCompile Include="src\LmmModel\UpperTriangleVanillaSwaptionQuotes.cpp" />
    <ClCompile Include="src\LmmModel\VolatilityGridBuilder.cpp" />
    <ClCompile Include="src\numeric\BilinearInterpolation.cpp" />
    <ClCompile Include="src\numeric\Interpolation.cpp" />
    <ClCompile Include="src\numeric\NumericalMethods.cpp" />
    <ClCompile Include="src\pricer\LmmVanillaFRAPricer.cpp" />
    <ClCompile Include="src\pricer\LmmVanillaCapletPricer.cpp" />
    <ClCompile Include="src\pricer\LmmVanillaSwaptionApproxPricer_MP.cpp" />
    <ClCompile Include="src\pricer\LmmVanillaSwaptionApproxPricer_Piterbarg.cpp" />
    <ClCompile Include="src\pricer\LmmVanillaSwaptionApproxPricer_Rebonato.cpp" />
    <ClCompile Include="src\pricer\McLmmBermudanSwaptionPricer.cpp" />
    <ClCompile Include="src\pricer\McLmmVanillaFRAPricer.cpp" />
    <ClCompile Include="src\pricer\McLmmVanillaCapletPricer.cpp" />
    <ClCompile Include="src\pricer\LmmTarnPricer.cpp" />
    <ClCompile Include="src\pricer\McLmmVanillaSwapPricer.cpp" />
    <ClCompile Include="src\pricer\McLmmVanillaSwaptionPricer.cpp" />
    <ClCompile Include="src\pricer\McPricer.cpp" />
    <ClCompile Include="src\pricer\StaticReplicationCMS.cpp" />
    <ClCompile Include="src\pricer\LmmVanillaSwapPricer.cpp" />
    <ClCompile Include="src\RNGenerator\McGenerator.cpp" />
    <ClCompile Include="src\RNGenerator\QMcGenerator.cpp" />
    <ClCompile Include="Cheyette\unit_test\TestIntegrator1D_2D.cpp" />
    <ClCompile Include="Cheyette\unit_test\Test_CheyetteDD_Model.cpp" />
    <ClCompile Include="Cheyette\CheyetteModel\CheyetteDD_Model.cpp">
      <Filter>Cheyette\CheyetteModel</Filter>
    </ClCompile>
    <ClCompile Include="Cheyette\CheyetteModel\CourbeInput.cpp">
      <Filter>Cheyette\CheyetteModel</Filter>
    </ClCompile>
    <ClCompile Include="Cheyette\Pricer\CheyetteDD_VanillaSwaptionApproxPricer.cpp">
      <Filter>Cheyette\Pricer</Filter>
    </ClCompile>
    <ClCompile Include="Cheyette\Pricer\MC_Cheyette.cpp">
      <Filter>Cheyette\Pricer</Filter>
    </ClCompile>
    <ClCompile Include="Cheyette\Pricer\MC_CheyetteDD_VanillaSwapPricer.cpp">
      <Filter>Cheyette\Pricer</Filter>
    </ClCompile>
    <ClCompile Include="Cheyette\Pricer\MC_CheyetteDD_VanillaSwaptionPricer.cpp">
      <Filter>Cheyette\Pricer</Filter>
    </ClCompile>
    <ClCompile Include="Cheyette\Pricer\MC_CheyetteDD_ZCPricer.cpp">
      <Filter>Cheyette\Pricer</Filter>
    </ClCompile>
    <ClCompile Include="Cheyette\InverseFunction.cpp">
      <Filter>Cheyette</Filter>
    </ClCompile>
    <ClCompile Include="Cheyette\unit_test\TestMC.cpp">
      <Filter>Cheyette\unit_test</Filter>
    </ClCompile>
    <ClCompile Include="Cheyette\unit_test\TestIntegrator1D_2D.cpp">
      <Filter>Cheyette\unit_test</Filter>
    </ClCompile>
    <ClCompile Include="Cheyette\unit_test\TestFonction.cpp">
      <Filter>Cheyette\unit_test</Filter>
    </ClCompile>
    <ClCompile Include="Cheyette\unit_test\TestApproxDD.cpp">
      <Filter>Cheyette\unit_test</Filter>
    </ClCompile>
    <ClCompile Include="Cheyette\unit_test\Test_CheyetteDD_Model.cpp">
      <Filter>Cheyette\unit_test</Filter>
    </ClCompile>
    <ClCompile Include="Cheyette\Pricer\MC_CheyetteDD_GenericSwapPricer.cpp" />
    <ClCompile Include="Cheyette\unit_test\TestMCGeneric.cpp" />
    <ClCompile Include="Cheyette\Pricer\MC_CheyetteDD_GenericSwaptionPricer.cpp" />
    <ClCompile Include="Cheyette\unit_test\TestMC_vs_approx.cpp" />
    <ClCompile Include="Cheyette\Calibrator\CheyetteBaseCalibrator.cpp" />
    <ClCompile Include="Cheyette\Calibrator\CheyetteDD_CostFunctionLevel.cpp" />
    <ClCompile Include="Cheyette\Calibrator\CheyetteDD_CostFunctionSkew.cpp" />
    <ClCompile Include="Cheyette\Calibrator\CheyetteDD_LocalCalibrator.cpp" />
    <ClCompile Include="Cheyette\Calibrator\CheyetteBaseCostFunction.cpp" />
    <ClCompile Include="Cheyette\unit_test\TestCalibrator.cpp" />
    <ClCompile Include="LMM\Test\Test.cpp" />
    <ClCompile Include="LMM\Test\Test_LmmCalibrationMarketData.cpp" />
    <ClCompile Include="Cheyette\Calibrator\MarketData.cpp" />
    <ClCompile Include="src\LmmModel\LmmSwaptionMarketDataFull.cpp" />
    <ClCompile Include="Cheyette\CheyetteModel\CheyetteQuad_Model.cpp" />
    <ClCompile Include="Cheyette\Pricer\CheyetteQuad_VanillaSwaptionApproxPricer.cpp" />
    <ClCompile Include="main.cpp" />
  </ItemGroup>
  <ItemGroup>
    <ClInclude Include="JBLMM\Element\CappedFlooredCoupon.h" />
    <ClInclude Include="JBLMM\Element\Coupon.h" />
    <ClInclude Include="JBLMM\Element\CouponLeg.h" />
    <ClInclude Include="JBLMM\Element\LiborRate.h" />
    <ClInclude Include="JBLMM\Element\RatchetCoupon.h" />
    <ClInclude Include="JBLMM\Element\Rate.h" />
    <ClInclude Include="JBLMM\Element\TargetCoupon.h" />
    <ClInclude Include="JBLMM\Instrument\CallableSwap.h" />
    <ClInclude Include="JBLMM\Instrument\GeneticSwap.h" />
    <ClInclude Include="JBLMM\Instrument\GeneticSwaption.h" />
    <ClInclude Include="JBLMM\Instrument\InstrumentFactory.h" />
    <ClInclude Include="JBLMM\Instrument\VanillaSwapRate.h" />
    <ClInclude Include="JBLMM\Pricer\GeneticVanillaSwapPricer.h" />
    <ClInclude Include="JBLMM\Pricer\McGeneticSwapLMMPricer.h" />
  </ItemGroup>
  <ItemGroup>
    <ClInclude Include="LMM\RNGenerator\McGenerator.h">
      <Filter>RNGenerator</Filter>
    </ClInclude>
    <ClInclude Include="LMM\RNGenerator\QMcGenerator.h">
      <Filter>RNGenerator</Filter>
    </ClInclude>
    <ClInclude Include="LMM\numeric\BilinearInterpolation.h">
      <Filter>LMM_numeric</Filter>
    </ClInclude>
    <ClInclude Include="LMM\numeric\Interpolation.h">
      <Filter>LMM_numeric</Filter>
    </ClInclude>
    <ClInclude Include="LMM\numeric\NumericalMethods.h">
      <Filter>LMM_numeric</Filter>
    </ClInclude>
    <ClInclude Include="LMM\instrument\CMS.h">
      <Filter>LMM_instrument</Filter>
    </ClInclude>
    <ClInclude Include="LMM\instrument\instrument.h">
      <Filter>LMM_instrument</Filter>
    </ClInclude>
    <ClInclude Include="LMM\instrument\Product.h">
      <Filter>LMM_instrument</Filter>
    </ClInclude>
    <ClInclude Include="LMM\instrument\Tarn.h">
      <Filter>LMM_instrument</Filter>
    </ClInclude>
    <ClInclude Include="LMM\instrument\VanillaSwap.h">
      <Filter>LMM_instrument</Filter>
    </ClInclude>
    <ClInclude Include="LMM\instrument\VanillaSwaption.h">
      <Filter>LMM_instrument</Filter>
    </ClInclude>
    <ClInclude Include="LMM\pricer\LmmTarnPricer.h">
      <Filter>LMM_pricer</Filter>
    </ClInclude>
    <ClInclude Include="LMM\pricer\McPricer.h">
      <Filter>LMM_pricer</Filter>
    </ClInclude>
    <ClInclude Include="LMM\pricer\StaticReplicationCMS.h">
      <Filter>LMM_pricer</Filter>
    </ClInclude>
    <ClInclude Include="LMM\helper\BuildVariable.h">
      <Filter>LMM_helper</Filter>
    </ClInclude>
    <ClInclude Include="LMM\helper\EqualOperator.h">
      <Filter>LMM_helper</Filter>
    </ClInclude>
    <ClInclude Include="LMM\helper\GenericPath.h">
      <Filter>LMM_helper</Filter>
    </ClInclude>
    <ClInclude Include="LMM\helper\LMMTenorStructure.h">
      <Filter>LMM_helper</Filter>
    </ClInclude>
    <ClInclude Include="LMM\helper\Name.h">
      <Filter>LMM_helper</Filter>
    </ClInclude>
    <ClInclude Include="LMM\helper\Printer.h">
      <Filter>LMM_helper</Filter>
    </ClInclude>
    <ClInclude Include="LMM\helper\StaticReplicationFormula.h">
      <Filter>LMM_helper</Filter>
    </ClInclude>
    <ClInclude Include="LMM\helper\TenorType.h">
      <Filter>LMM_helper</Filter>
    </ClInclude>
    <ClInclude Include="LMM\helper\Tensor.h">
      <Filter>LMM_helper</Filter>
    </ClInclude>
    <ClInclude Include="LMM\helper\TypeConverter.h">
      <Filter>LMM_helper</Filter>
    </ClInclude>
    <ClInclude Include="LMM\pricer\LmmVanillaSwaptionApproxPricer.h">
      <Filter>LMM_pricer\SwaptionPricer</Filter>
    </ClInclude>
    <ClInclude Include="LMM\pricer\McLmmVanillaSwapPricer.h">
      <Filter>LMM_pricer\SwapPricer</Filter>
    </ClInclude>
    <ClInclude Include="LMM\pricer\McLmmVanillaSwaptionPricer.h">
      <Filter>LMM_pricer\SwaptionPricer</Filter>
    </ClInclude>
    <ClInclude Include="LMM\instrument\VanillaCaplet.h">
      <Filter>LMM_instrument</Filter>
    </ClInclude>
    <ClInclude Include="LMM\pricer\McLmmVanillaCapletPricer.h">
      <Filter>LMM_pricer\CapletPricer</Filter>
    </ClInclude>
    <ClInclude Include="LMM\pricer\LmmVanillaCapletPricer.h">
      <Filter>LMM_pricer\CapletPricer</Filter>
    </ClInclude>
    <ClInclude Include="LMM\LmmModel\Correlation.h">
      <Filter>LMM_Model\Correlation</Filter>
    </ClInclude>
    <ClInclude Include="LMM\LmmModel\PCA.h">
      <Filter>LMM_Model\Correlation</Filter>
    </ClInclude>
    <ClInclude Include="LMM\LmmModel\McLmm.h">
      <Filter>LMM_Model\LmmMC</Filter>
    </ClInclude>
    <ClInclude Include="LMM\LmmModel\McSpotLmm.h">
      <Filter>LMM_Model\LmmMC</Filter>
    </ClInclude>
    <ClInclude Include="LMM\LmmModel\McTerminalLmm.h">
      <Filter>LMM_Model\LmmMC</Filter>
    </ClInclude>
    <ClInclude Include="LMM\LmmModel\VolatilityFunction.h">
      <Filter>LMM_Model\Volatility</Filter>
    </ClInclude>
    <ClInclude Include="LMM\LmmModel\VolatilityGridBuilder.h">
      <Filter>LMM_Model\Volatility</Filter>
    </ClInclude>
    <ClInclude Include="LMM\pricer\LmmVanillaSwaptionApproxPricer_Rebonato.h">
      <Filter>LMM_pricer\SwaptionPricer</Filter>
    </ClInclude>
    <ClInclude Include="LMM\LmmModel\RebonatoAngle.h">
      <Filter>LMM_Model\Correlation</Filter>
    </ClInclude>
    <ClInclude Include="LMM\instrument\VanillaFRA.h">
      <Filter>LMM_instrument</Filter>
    </ClInclude>
    <ClInclude Include="LMM\pricer\LmmVanillaFRAPricer.h">
      <Filter>LMM_pricer\FRAPricer</Filter>
    </ClInclude>
    <ClInclude Include="LMM\pricer\McLmmVanillaFRAPricer.h">
      <Filter>LMM_pricer\FRAPricer</Filter>
    </ClInclude>
    <ClInclude Include="LMM\helper\Functional.h">
      <Filter>LMM_helper</Filter>
    </ClInclude>
    <ClInclude Include="LMM\helper\CombinationOperator.h">
      <Filter>LMM_helper\Rubish</Filter>
    </ClInclude>
    <ClInclude Include="LMM\helper\DerivatibleFunction.h">
      <Filter>LMM_helper\Rubish</Filter>
    </ClInclude>
    <ClInclude Include="LMM\pricer\LmmVanillaSwaptionApproxPricer_Piterbarg.h">
      <Filter>LMM_pricer\SwaptionPricer</Filter>
    </ClInclude>
    <ClInclude Include="LMM\pricer\LmmVanillaSwapPricer.h">
      <Filter>LMM_pricer\SwapPricer</Filter>
    </ClInclude>
    <ClInclude Include="LMM\pricer\LmmVanillaSwaptionApproxPricer_MP.h">
      <Filter>LMM_pricer\SwaptionPricer</Filter>
    </ClInclude>
    <ClInclude Include="LMM\helper\Noise.h">
      <Filter>LMM_helper</Filter>
    </ClInclude>
    <ClInclude Include="LMM\LmmModel\Lmm.h">
      <Filter>LMM_Model\Lmm</Filter>
    </ClInclude>
    <ClInclude Include="LMM\LmmModel\ShiftedLmm.h">
      <Filter>LMM_Model\Lmm</Filter>
    </ClInclude>
    <ClInclude Include="LMM\LmmModel\BetaLmm.h">
      <Filter>LMM_Model\Lmm</Filter>
    </ClInclude>
    <ClInclude Include="LMM\LmmModel\Dispersion.h">
      <Filter>LMM_Model\Dispersion</Filter>
    </ClInclude>
    <ClInclude Include="LMM\LmmModel\ConstShifted_HGVolatilityFunction.h">
      <Filter>LMM_Model\Volatility</Filter>
    </ClInclude>
    <ClInclude Include="LMM\LmmModel\Shifted_HGVolatilityFunction.h">
      <Filter>LMM_Model\Volatility</Filter>
    </ClInclude>
    <ClInclude Include="LMM\LmmModel\BetaShifted_HGVolatilityFunction.h">
      <Filter>LMM_Model\Volatility</Filter>
    </ClInclude>
    <ClInclude Include="LMM\LmmModel\UpperTriangleVanillaSwaptionQuotes.h">
      <Filter>LMM_Model\Calibration</Filter>
    </ClInclude>
    <ClInclude Include="LMM\LmmModel\GMatrixMapping.h">
      <Filter>LMM_Model\Calibration</Filter>
    </ClInclude>
    <ClInclude Include="LMM\pricer\McLmmBermudanSwaptionPricer.h">
      <Filter>LMM_pricer\CallableOptionPricer</Filter>
    </ClInclude>
    <ClInclude Include="LMM\instrument\BermudanSwaption.h">
      <Filter>LMM_instrument\CallableOption</Filter>
    </ClInclude>
    <ClInclude Include="LMM\instrument\CallableOption.h">
      <Filter>LMM_instrument\CallableOption</Filter>
    </ClInclude>
    <ClInclude Include="LMM\pricer\Regression.h">
      <Filter>LMM_pricer\CallableOptionPricer</Filter>
    </ClInclude>
    <ClInclude Include="LMM\pricer\McLmmCallableOptionPricer.h">
      <Filter>LMM_pricer\CallableOptionPricer</Filter>
    </ClInclude>
    <ClInclude Include="LMM\LmmModel\LmmPenalty.h">
      <Filter>LMM_Model\Calibration</Filter>
    </ClInclude>
    <ClInclude Include="LMM\LmmModel\LmmSwaptionMarketData.h">
      <Filter>LMM_Model\Calibration</Filter>
    </ClInclude>
    <ClInclude Include="LMM\LmmModel\LmmABCDFinder.h">
      <Filter>LMM_Model\Calibration</Filter>
    </ClInclude>
    <ClInclude Include="LMM\LmmModel\LmmSkewCostFunction.h">
      <Filter>LMM_Model\Calibration</Filter>
    </ClInclude>
    <ClInclude Include="LMM\LmmModel\LmmShiftCalibrator.h">
      <Filter>LMM_Model\Calibration</Filter>
    </ClInclude>
    <ClInclude Include="LMM\LmmModel\LmmABCDCostFunction.h">
      <Filter>LMM_Model\Calibration</Filter>
    </ClInclude>
    <ClInclude Include="LMM\helper\InputFileManager.h">
      <Filter>LMM_helper</Filter>
    </ClInclude>
    <ClInclude Include="LMM\LmmModel\LmmABCDCalibrator.h">
      <Filter>LMM_Model\Calibration</Filter>
    </ClInclude>
    <ClInclude Include="LMM\numeric\UpperTriangularMatrixInterpolator.h">
      <Filter>LMM_numeric</Filter>
    </ClInclude>
    <ClInclude Include="LMM\helper\CalibrationType.h">
      <Filter>LMM_helper</Filter>
    </ClInclude>
    <ClInclude Include="LMM\helper\LmmGnuplotPrinterMatrix.h">
      <Filter>LMM_helper</Filter>
    </ClInclude>
    <ClInclude Include="LMM\calibration\LmmCalibrationConfig.h">
      <Filter>LMM_Model\Calibration</Filter>
    </ClInclude>
    <ClInclude Include="LMM\LmmModel\LmmCorrelationCostFunction.h">
      <Filter>LMM_Model\Calibration</Filter>
    </ClInclude>
    <ClInclude Include="LMM\LmmModel\LmmCorrelationCalibrator.h">
      <Filter>LMM_Model\Calibration</Filter>
    </ClInclude>
    <ClInclude Include="LMM\greek\LmmVega.h">
      <Filter>LMM_greek</Filter>
    </ClInclude>
    <ClInclude Include="LMM\helper\TriangularMatrixConverter.h">
      <Filter>LMM_helper</Filter>
    </ClInclude>
    <ClInclude Include="LMM\LmmModel\LmmBaseCostFunction.h">
      <Filter>LMM_Model\Calibration</Filter>
    </ClInclude>
    <ClInclude Include="LMM\LmmModel\LmmGlobal_gCostFunction.h">
      <Filter>LMM_Model\Calibration</Filter>
    </ClInclude>
    <ClInclude Include="LMM\LmmModel\LmmLocal_gCostFunction.h">
      <Filter>LMM_Model\Calibration</Filter>
    </ClInclude>
    <ClInclude Include="LMM\LmmModel\LmmCascade_gCostFunction.h">
      <Filter>LMM_Model\Calibration</Filter>
    </ClInclude>
    <ClInclude Include="LMM\LmmModel\LmmBaseCalibrator.h">
      <Filter>LMM_Model\Calibration</Filter>
    </ClInclude>
    <ClInclude Include="LMM\LmmModel\LmmGlobal_gCalibrator.h">
      <Filter>LMM_Model\Calibration</Filter>
    </ClInclude>
    <ClInclude Include="LMM\LmmModel\LmmLocal_gCalibrator.h">
      <Filter>LMM_Model\Calibration</Filter>
    </ClInclude>
    <ClInclude Include="LMM\LmmModel\LmmCascade_gCalibrator.h">
      <Filter>LMM_Model\Calibration</Filter>
    </ClInclude>
    <ClInclude Include="LMM\RNGenerator\RNGenerator.h">
      <Filter>RNGenerator</Filter>
    </ClInclude>
    <ClInclude Include="LMM\numeric\Integrator1D.h">
      <Filter>LMM_numeric</Filter>
    </ClInclude>
    <ClInclude Include="JBLMM\Pricer\GeneticVanillaSwapPricer.h">
      <Filter>LMM_pricer\GeneticSwapPricer</Filter>
    </ClInclude>
    <ClInclude Include="JBLMM\Pricer\McGeneticSwapLMMPricer.h">
      <Filter>LMM_pricer\GeneticSwapPricer</Filter>
    </ClInclude>
    <ClInclude Include="JBLMM\Instrument\CallableSwap.h">
      <Filter>LMM_instrument\GeneticSwap</Filter>
    </ClInclude>
    <ClInclude Include="JBLMM\Instrument\GeneticSwap.h">
      <Filter>LMM_instrument\GeneticSwap</Filter>
    </ClInclude>
    <ClInclude Include="JBLMM\Instrument\GeneticSwaption.h">
      <Filter>LMM_instrument\GeneticSwap</Filter>
    </ClInclude>
    <ClInclude Include="JBLMM\Instrument\InstrumentFactory.h">
      <Filter>LMM_instrument\GeneticSwap</Filter>
    </ClInclude>
    <ClInclude Include="JBLMM\Instrument\VanillaSwapRate.h">
      <Filter>LMM_instrument\GeneticSwap</Filter>
    </ClInclude>
    <ClInclude Include="JBLMM\Element\CappedFlooredCoupon.h">
      <Filter>LMM_helper\Element</Filter>
    </ClInclude>
    <ClInclude Include="JBLMM\Element\Coupon.h">
      <Filter>LMM_helper\Element</Filter>
    </ClInclude>
    <ClInclude Include="JBLMM\Element\CouponLeg.h">
      <Filter>LMM_helper\Element</Filter>
    </ClInclude>
    <ClInclude Include="JBLMM\Element\LiborRate.h">
      <Filter>LMM_helper\Element</Filter>
    </ClInclude>
    <ClInclude Include="JBLMM\Element\RatchetCoupon.h">
      <Filter>LMM_helper\Element</Filter>
    </ClInclude>
    <ClInclude Include="JBLMM\Element\Rate.h">
      <Filter>LMM_helper\Element</Filter>
    </ClInclude>
    <ClInclude Include="JBLMM\Element\TargetCoupon.h">
      <Filter>LMM_helper\Element</Filter>
    </ClInclude>
    <ClInclude Include="JBLMM\Pricer\McGeneticTargetSwapLmmPricer.h">
      <Filter>LMM_pricer\GeneticSwapPricer</Filter>
    </ClInclude>
    <ClInclude Include="Cheyette\CheyetteModel\CheyetteDD_Model.h" />
    <ClInclude Include="Cheyette\CheyetteModel\CourbeInput.h" />
    <ClInclude Include="Cheyette\Pricer\CheyetteDD_VanillaSwaptionApproxPricer.h" />
    <ClInclude Include="Cheyette\Pricer\MC_Cheyette.h" />
    <ClInclude Include="Cheyette\Pricer\MC_CheyetteDD_VanillaSwapPricer.h" />
    <ClInclude Include="Cheyette\unit_test\Test_CheyetteDD_Model.h" />
    <ClInclude Include="Cheyette\unit_test\TestApproxDD.h" />
    <ClInclude Include="Cheyette\unit_test\TestFonction.h" />
    <ClInclude Include="Cheyette\unit_test\TestIntegrator1D_2D.h" />
    <ClInclude Include="Cheyette\unit_test\TestMC.h" />
    <ClInclude Include="LMM\calibration\LmmCalibrationConfig.h" />
    <ClInclude Include="LMM\greek\LmmVega.h" />
    <ClInclude Include="LMM\helper\BuildVariable.h" />
    <ClInclude Include="LMM\helper\CalibrationType.h" />
    <ClInclude Include="LMM\helper\CombinationOperator.h" />
    <ClInclude Include="LMM\helper\DerivatibleFunction.h" />
    <ClInclude Include="LMM\helper\EqualOperator.h" />
    <ClInclude Include="LMM\helper\Functional.h" />
    <ClInclude Include="LMM\helper\GenericPath.h" />
    <ClInclude Include="LMM\helper\InputFileManager.h" />
    <ClInclude Include="LMM\helper\LmmGnuplotPrinterMatrix.h" />
    <ClInclude Include="LMM\helper\LMMTenorStructure.h" />
    <ClInclude Include="LMM\helper\Name.h" />
    <ClInclude Include="LMM\helper\Noise.h" />
    <ClInclude Include="LMM\helper\Printer.h" />
    <ClInclude Include="LMM\helper\StaticReplicationFormula.h" />
    <ClInclude Include="LMM\helper\TenorType.h" />
    <ClInclude Include="LMM\helper\Tensor.h" />
    <ClInclude Include="LMM\helper\TriangularMatrixConverter.h" />
    <ClInclude Include="LMM\helper\TypeConverter.h" />
    <ClInclude Include="LMM\instrument\BermudanSwaption.h" />
    <ClInclude Include="LMM\instrument\CallableOption.h" />
    <ClInclude Include="LMM\instrument\VanillaFRA.h" />
    <ClInclude Include="LMM\instrument\VanillaCaplet.h" />
    <ClInclude Include="LMM\instrument\CMS.h" />
    <ClInclude Include="LMM\instrument\instrument.h" />
    <ClInclude Include="LMM\instrument\Product.h" />
    <ClInclude Include="LMM\instrument\Tarn.h" />
    <ClInclude Include="LMM\instrument\VanillaSwap.h" />
    <ClInclude Include="LMM\instrument\VanillaSwaption.h" />
    <ClInclude Include="LMM\LmmModel\LmmABCDCalibrator.h" />
    <ClInclude Include="LMM\LmmModel\LmmABCDCostFunction.h" />
    <ClInclude Include="LMM\LmmModel\LmmABCDFinder.h" />
    <ClInclude Include="LMM\LmmModel\LmmBaseCalibrator.h" />
    <ClInclude Include="LMM\LmmModel\LmmBaseCostFunction.h" />
    <ClInclude Include="LMM\LmmModel\LmmCascade_gCalibrator.h" />
    <ClInclude Include="LMM\LmmModel\LmmCascade_gCostFunction.h" />
    <ClInclude Include="LMM\LmmModel\LmmCorrelationCalibrator.h" />
    <ClInclude Include="LMM\LmmModel\LmmCorrelationCostFunction.h" />
    <ClInclude Include="LMM\LmmModel\LmmGlobal_gCalibrator.h" />
    <ClInclude Include="LMM\LmmModel\LmmGlobal_gCostFunction.h" />
    <ClInclude Include="LMM\LmmModel\LmmLocal_gCalibrator.h" />
    <ClInclude Include="LMM\LmmModel\LmmLocal_gCostFunction.h" />
    <ClInclude Include="LMM\LmmModel\LmmPenalty.h" />
    <ClInclude Include="LMM\LmmModel\BetaLmm.h" />
    <ClInclude Include="LMM\LmmModel\BetaShifted_HGVolatilityFunction.h" />
    <ClInclude Include="LMM\LmmModel\Correlation.h" />
    <ClInclude Include="LMM\LmmModel\Dispersion.h" />
    <ClInclude Include="LMM\LmmModel\GMatrixMapping.h" />
    <ClInclude Include="LMM\LmmModel\LmmShiftCalibrator.h" />
    <ClInclude Include="LMM\LmmModel\LmmSkewCostFunction.h" />
    <ClInclude Include="LMM\LmmModel\LmmSwaptionMarketData.h" />
    <ClInclude Include="LMM\numeric\Integrator1D.h" />
    <ClInclude Include="LMM\numeric\UpperTriangularMatrixInterpolator.h" />
    <ClInclude Include="LMM\pricer\McLmmCallableOptionPricer.h" />
    <ClInclude Include="LMM\pricer\Regression.h" />
    <ClInclude Include="LMM\LmmModel\Shifted_HGVolatilityFunction.h" />
    <ClInclude Include="LMM\LmmModel\Lmm.h" />
    <ClInclude Include="LMM\LmmModel\McLmm.h" />
    <ClInclude Include="LMM\LmmModel\McSpotLmm.h" />
    <ClInclude Include="LMM\LmmModel\McTerminalLmm.h" />
    <ClInclude Include="LMM\LmmModel\PCA.h" />
    <ClInclude Include="LMM\LmmModel\RebonatoAngle.h" />
    <ClInclude Include="LMM\LmmModel\ShiftedLmm.h" />
    <ClInclude Include="LMM\LmmModel\ConstShifted_HGVolatilityFunction.h" />
    <ClInclude Include="LMM\LmmModel\UpperTriangleVanillaSwaptionQuotes.h" />
    <ClInclude Include="LMM\LmmModel\VolatilityFunction.h" />
    <ClInclude Include="LMM\LmmModel\VolatilityGridBuilder.h" />
    <ClInclude Include="LMM\numeric\BilinearInterpolation.h" />
    <ClInclude Include="LMM\numeric\Interpolation.h" />
    <ClInclude Include="LMM\numeric\NumericalMethods.h" />
    <ClInclude Include="LMM\pricer\LmmVanillaFRAPricer.h" />
    <ClInclude Include="LMM\pricer\LmmVanillaCapletPricer.h" />
    <ClInclude Include="LMM\pricer\LmmVanillaSwaptionApproxPricer.h" />
    <ClInclude Include="LMM\pricer\LmmVanillaSwaptionApproxPricer_MP.h" />
    <ClInclude Include="LMM\pricer\LmmVanillaSwaptionApproxPricer_Piterbarg.h" />
    <ClInclude Include="LMM\pricer\LmmVanillaSwaptionApproxPricer_Rebonato.h" />
    <ClInclude Include="LMM\pricer\McLmmBermudanSwaptionPricer.h" />
    <ClInclude Include="LMM\pricer\McLmmVanillaFRAPricer.h" />
    <ClInclude Include="LMM\pricer\McLmmVanillaCapletPricer.h" />
    <ClInclude Include="LMM\pricer\LmmTarnPricer.h" />
    <ClInclude Include="LMM\pricer\McLmmVanillaSwapPricer.h" />
    <ClInclude Include="LMM\pricer\McLmmVanillaSwaptionPricer.h" />
    <ClInclude Include="LMM\pricer\McPricer.h" />
    <ClInclude Include="LMM\pricer\StaticReplicationCMS.h" />
    <ClInclude Include="LMM\pricer\LmmVanillaSwapPricer.h" />
    <ClInclude Include="LMM\RNGenerator\McGenerator.h" />
    <ClInclude Include="LMM\RNGenerator\QMcGenerator.h" />
    <ClInclude Include="LMM\RNGenerator\RNGenerator.h" />
    <ClInclude Include="Cheyette\Pricer\MC_CheyetteDD_VanillaSwapPricer.h" />
    <ClInclude Include="Cheyette\Pricer\MC_Cheyette.h" />
    <ClInclude Include="Cheyette\unit_test\Test_CheyetteDD_Model.h" />
    <ClInclude Include="Cheyette\unit_test\TestIntegrator1D_2D.h" />
    <ClInclude Include="LMM\calibration\ATMSwaptionMarketData.h" />
    <ClInclude Include="LMM\calibration\Calibration.h" />
    <ClInclude Include="LMM\calibration\CalibrationShiftCostFunction.h" />
    <ClInclude Include="LMM\calibration\CalibrationVolCostFunction.h" />
    <ClInclude Include="Cheyette\Fonction.h" />
    <ClInclude Include="Cheyette\InverseFunction.h" />
    <ClInclude Include="Cheyette\Pricer\MC_CheyetteDD_ZCPricer.h" />
    <ClInclude Include="Cheyette\Pricer\MC_CheyetteDD_VanillaSwaptionPricer.h" />
  </ItemGroup>
  <ItemGroup>
    <ClCompile Include="src\pricer\LmmTarnPricer.cpp">
      <Filter>LMM_pricer</Filter>
    </ClCompile>
    <ClCompile Include="src\pricer\McPricer.cpp">
      <Filter>LMM_pricer</Filter>
    </ClCompile>
    <ClCompile Include="src\pricer\StaticReplicationCMS.cpp">
      <Filter>LMM_pricer</Filter>
    </ClCompile>
    <ClCompile Include="src\instrument\instrument.cpp">
      <Filter>LMM_instrument</Filter>
    </ClCompile>
    <ClCompile Include="src\instrument\Tarn.cpp">
      <Filter>LMM_instrument</Filter>
    </ClCompile>
    <ClCompile Include="src\instrument\VanillaSwap.cpp">
      <Filter>LMM_instrument</Filter>
    </ClCompile>
    <ClCompile Include="src\instrument\VanillaSwaption.cpp">
      <Filter>LMM_instrument</Filter>
    </ClCompile>
    <ClCompile Include="src\helper\LMMTenorStructure.cpp">
      <Filter>LMM_helper</Filter>
    </ClCompile>
    <ClCompile Include="src\helper\StaticReplicationFormula.cpp">
      <Filter>LMM_helper</Filter>
    </ClCompile>
    <ClCompile Include="src\helper\TenorType.cpp">
      <Filter>LMM_helper</Filter>
    </ClCompile>
    <ClCompile Include="src\helper\Tensor.cpp">
      <Filter>LMM_helper</Filter>
    </ClCompile>
    <ClCompile Include="src\helper\TypeConverter.cpp">
      <Filter>LMM_helper</Filter>
    </ClCompile>
    <ClCompile Include="src\numeric\BilinearInterpolation.cpp">
      <Filter>LMM_numeric</Filter>
    </ClCompile>
    <ClCompile Include="src\numeric\Interpolation.cpp">
      <Filter>LMM_numeric</Filter>
    </ClCompile>
    <ClCompile Include="src\numeric\NumericalMethods.cpp">
      <Filter>LMM_numeric</Filter>
    </ClCompile>
    <ClCompile Include="src\RNGenerator\McGenerator.cpp">
      <Filter>RNGenerator</Filter>
    </ClCompile>
    <ClCompile Include="src\RNGenerator\QMcGenerator.cpp">
      <Filter>RNGenerator</Filter>
    </ClCompile>
    <ClCompile Include="main.cpp" />
    <ClCompile Include="src\pricer\McLmmVanillaSwapPricer.cpp">
      <Filter>LMM_pricer\SwapPricer</Filter>
    </ClCompile>
    <ClCompile Include="src\pricer\McLmmVanillaSwaptionPricer.cpp">
      <Filter>LMM_pricer\SwaptionPricer</Filter>
    </ClCompile>
    <ClCompile Include="src\instrument\VanillaCaplet.cpp">
      <Filter>LMM_instrument</Filter>
    </ClCompile>
    <ClCompile Include="src\pricer\LmmVanillaCapletPricer.cpp">
      <Filter>LMM_pricer\CapletPricer</Filter>
    </ClCompile>
    <ClCompile Include="src\pricer\McLmmVanillaCapletPricer.cpp">
      <Filter>LMM_pricer\CapletPricer</Filter>
    </ClCompile>
    <ClCompile Include="src\LmmModel\Correlation.cpp">
      <Filter>LMM_Model\Correlation</Filter>
    </ClCompile>
    <ClCompile Include="src\LmmModel\PCA.cpp">
      <Filter>LMM_Model\Correlation</Filter>
    </ClCompile>
    <ClCompile Include="src\LmmModel\McLmm.cpp">
      <Filter>LMM_Model\LmmMC</Filter>
    </ClCompile>
    <ClCompile Include="src\LmmModel\McSpotLmm.cpp">
      <Filter>LMM_Model\LmmMC</Filter>
    </ClCompile>
    <ClCompile Include="src\LmmModel\McTerminalLmm.cpp">
      <Filter>LMM_Model\LmmMC</Filter>
    </ClCompile>
    <ClCompile Include="src\LmmModel\VolatilityGridBuilder.cpp">
      <Filter>LMM_Model\Volatility</Filter>
    </ClCompile>
    <ClCompile Include="src\pricer\LmmVanillaSwaptionApproxPricer_Rebonato.cpp">
      <Filter>LMM_pricer\SwaptionPricer</Filter>
    </ClCompile>
    <ClCompile Include="src\LmmModel\RebonatoAngle.cpp">
      <Filter>LMM_Model\Correlation</Filter>
    </ClCompile>
    <ClCompile Include="src\instrument\VanillaFRA.cpp">
      <Filter>LMM_instrument</Filter>
    </ClCompile>
    <ClCompile Include="src\pricer\LmmVanillaFRAPricer.cpp">
      <Filter>LMM_pricer\FRAPricer</Filter>
    </ClCompile>
    <ClCompile Include="src\pricer\McLmmVanillaFRAPricer.cpp">
      <Filter>LMM_pricer\FRAPricer</Filter>
    </ClCompile>
    <ClCompile Include="src\helper\Functional.cpp">
      <Filter>LMM_helper</Filter>
    </ClCompile>
    <ClCompile Include="src\helper\CombinationOperator.cpp">
      <Filter>LMM_helper\Rubish</Filter>
    </ClCompile>
    <ClCompile Include="src\helper\DerivatibleFunction.cpp">
      <Filter>LMM_helper\Rubish</Filter>
    </ClCompile>
    <ClCompile Include="src\instrument\CMS.cpp">
      <Filter>LMM_instrument</Filter>
    </ClCompile>
    <ClCompile Include="src\pricer\LmmVanillaSwaptionApproxPricer_Piterbarg.cpp">
      <Filter>LMM_pricer\SwaptionPricer</Filter>
    </ClCompile>
    <ClCompile Include="src\pricer\LmmVanillaSwapPricer.cpp">
      <Filter>LMM_pricer\SwapPricer</Filter>
    </ClCompile>
    <ClCompile Include="src\pricer\LmmVanillaSwaptionApproxPricer_MP.cpp">
      <Filter>LMM_pricer\SwaptionPricer</Filter>
    </ClCompile>
    <ClCompile Include="src\helper\Noise.cpp">
      <Filter>LMM_helper</Filter>
    </ClCompile>
    <ClCompile Include="src\LmmModel\Lmm.cpp">
      <Filter>LMM_Model\Lmm</Filter>
    </ClCompile>
    <ClCompile Include="src\LmmModel\ShiftedLmm.cpp">
      <Filter>LMM_Model\Lmm</Filter>
    </ClCompile>
    <ClCompile Include="src\LmmModel\BetaLmm.cpp">
      <Filter>LMM_Model\Lmm</Filter>
    </ClCompile>
    <ClCompile Include="src\LmmModel\Dispersion.cpp">
      <Filter>LMM_Model\Dispersion</Filter>
    </ClCompile>
    <ClCompile Include="src\LmmModel\ConstShifted_HGVolatilityFunction.cpp">
      <Filter>LMM_Model\Volatility</Filter>
    </ClCompile>
    <ClCompile Include="src\LmmModel\Shifted_HGVolatilityFunction.cpp">
      <Filter>LMM_Model\Volatility</Filter>
    </ClCompile>
    <ClCompile Include="src\LmmModel\BetaShifted_HGVolatilityFunction.cpp">
      <Filter>LMM_Model\Volatility</Filter>
    </ClCompile>
    <ClCompile Include="src\LmmModel\UpperTriangleVanillaSwaptionQuotes.cpp">
      <Filter>LMM_Model\Calibration</Filter>
    </ClCompile>
    <ClCompile Include="src\LmmModel\GMatrixMapping.cpp">
      <Filter>LMM_Model\Calibration</Filter>
    </ClCompile>
    <ClCompile Include="src\pricer\McLmmBermudanSwaptionPricer.cpp">
      <Filter>LMM_pricer\CallableOptionPricer</Filter>
    </ClCompile>
    <ClCompile Include="src\instrument\BermudanSwaption.cpp">
      <Filter>LMM_instrument\CallableOption</Filter>
    </ClCompile>
    <ClCompile Include="src\instrument\CallableOption.cpp">
      <Filter>LMM_instrument\CallableOption</Filter>
    </ClCompile>
    <ClCompile Include="src\pricer\Regression.cpp">
      <Filter>LMM_pricer\CallableOptionPricer</Filter>
    </ClCompile>
    <ClCompile Include="src\pricer\McLmmCallableOptionPricer.cpp">
      <Filter>LMM_pricer\CallableOptionPricer</Filter>
    </ClCompile>
    <ClCompile Include="src\pricer\McLmmCallableOptionPricer.cpp" />
    <ClCompile Include="src\LmmModel\LmmPenalty.cpp">
      <Filter>LMM_Model\Calibration</Filter>
    </ClCompile>
    <ClCompile Include="src\LmmModel\LmmSwaptionMarketData.cpp">
      <Filter>LMM_Model\Calibration</Filter>
    </ClCompile>
    <ClCompile Include="src\LmmModel\LmmABCDFinder.cpp">
      <Filter>LMM_Model\Calibration</Filter>
    </ClCompile>
    <ClCompile Include="src\LmmModel\LmmSkewCostFunction.cpp">
      <Filter>LMM_Model\Calibration</Filter>
    </ClCompile>
    <ClCompile Include="src\LmmModel\LmmShiftCalibrator.cpp">
      <Filter>LMM_Model\Calibration</Filter>
    </ClCompile>
    <ClCompile Include="src\LmmModel\LmmABCDCostFunction.cpp">
      <Filter>LMM_Model\Calibration</Filter>
    </ClCompile>
    <ClCompile Include="src\LmmModel\LmmABCDCalibrator.cpp">
      <Filter>LMM_Model\Calibration</Filter>
    </ClCompile>
    <ClCompile Include="src\numeric\UpperTriangularMatrixInterpolator.cpp">
      <Filter>LMM_numeric</Filter>
    </ClCompile>
    <ClCompile Include="src\helper\CalibrationType.cpp">
      <Filter>LMM_helper</Filter>
    </ClCompile>
    <ClCompile Include="src\helper\LmmGnuplotPrinterMatrix.cpp">
      <Filter>LMM_helper</Filter>
    </ClCompile>
    <ClCompile Include="src\calibration\LmmCalibrationConfig.cpp">
      <Filter>LMM_Model\Calibration</Filter>
    </ClCompile>
    <ClCompile Include="src\LmmModel\LmmCorrelationCostFunction.cpp">
      <Filter>LMM_Model\Calibration</Filter>
    </ClCompile>
    <ClCompile Include="src\LmmModel\LmmCorrelationCalibrator.cpp">
      <Filter>LMM_Model\Calibration</Filter>
    </ClCompile>
    <ClCompile Include="src\helper\GenericPath.cpp">
      <Filter>LMM_helper</Filter>
    </ClCompile>
    <ClCompile Include="src\LmmModel\LmmGlobal_gCostFunction.cpp">
      <Filter>LMM_Model\Calibration</Filter>
    </ClCompile>
    <ClCompile Include="src\LmmModel\LmmLocal_gCostFunction.cpp">
      <Filter>LMM_Model\Calibration</Filter>
    </ClCompile>
    <ClCompile Include="src\LmmModel\LmmCascade_gCostFunction.cpp">
      <Filter>LMM_Model\Calibration</Filter>
    </ClCompile>
    <ClCompile Include="src\LmmModel\LmmBaseCalibrator.cpp">
      <Filter>LMM_Model\Calibration</Filter>
    </ClCompile>
    <ClCompile Include="src\LmmModel\LmmGlobal_gCalibrator.cpp">
      <Filter>LMM_Model\Calibration</Filter>
    </ClCompile>
    <ClCompile Include="src\LmmModel\LmmLocal_gCalibrator.cpp">
      <Filter>LMM_Model\Calibration</Filter>
    </ClCompile>
    <ClCompile Include="src\LmmModel\LmmCascade_gCalibrator.cpp">
      <Filter>LMM_Model\Calibration</Filter>
    </ClCompile>
    <ClCompile Include="src\helper\BuildVariable.cpp">
      <Filter>LMM_helper</Filter>
    </ClCompile>
    <ClCompile Include="src\numeric\Integrator1D.cpp">
      <Filter>LMM_numeric</Filter>
    </ClCompile>
    <ClCompile Include="JBLMM\Test\Test_McGeneticSwapLMMPricer.cpp">
      <Filter>Test\Test_JL</Filter>
    </ClCompile>
    <ClCompile Include="JBLMM\Pricer\GeneticVanillaSwapPricer.cpp">
      <Filter>LMM_pricer\GeneticSwapPricer</Filter>
    </ClCompile>
    <ClCompile Include="JBLMM\Pricer\McGeneticSwapLMMPricer.cpp">
      <Filter>LMM_pricer\GeneticSwapPricer</Filter>
    </ClCompile>
    <ClCompile Include="JBLMM\Instrument\CallableSwap.cpp">
      <Filter>LMM_instrument\GeneticSwap</Filter>
    </ClCompile>
    <ClCompile Include="JBLMM\Instrument\GeneticSwap.cpp">
      <Filter>LMM_instrument\GeneticSwap</Filter>
    </ClCompile>
    <ClCompile Include="JBLMM\Instrument\GeneticSwaption.cpp">
      <Filter>LMM_instrument\GeneticSwap</Filter>
    </ClCompile>
    <ClCompile Include="JBLMM\Instrument\InstrumentFactory.cpp">
      <Filter>LMM_instrument\GeneticSwap</Filter>
    </ClCompile>
    <ClCompile Include="JBLMM\Instrument\VanillaSwapRate.cpp">
      <Filter>LMM_instrument\GeneticSwap</Filter>
    </ClCompile>
    <ClCompile Include="JBLMM\Element\CappedFlooredCoupon.cpp">
      <Filter>LMM_helper\Element</Filter>
    </ClCompile>
    <ClCompile Include="JBLMM\Element\Coupon.cpp">
      <Filter>LMM_helper\Element</Filter>
    </ClCompile>
    <ClCompile Include="JBLMM\Element\CouponLeg.cpp">
      <Filter>LMM_helper\Element</Filter>
    </ClCompile>
    <ClCompile Include="JBLMM\Element\LiborRate.cpp">
      <Filter>LMM_helper\Element</Filter>
    </ClCompile>
    <ClCompile Include="JBLMM\Element\RatchetCoupon.cpp">
      <Filter>LMM_helper\Element</Filter>
    </ClCompile>
    <ClCompile Include="JBLMM\Element\Rate.cpp">
      <Filter>LMM_helper\Element</Filter>
    </ClCompile>
    <ClCompile Include="JBLMM\Element\TargetCoupon.cpp">
      <Filter>LMM_helper\Element</Filter>
    </ClCompile>
    <ClCompile Include="JBLMM\Pricer\McGeneticTargetSwapLmmPricer.cpp">
      <Filter>LMM_pricer\GeneticSwapPricer</Filter>
    </ClCompile>
    <ClCompile Include="JBLMM\Test\Test_Comparaison_VanillaSwap.cpp">
      <Filter>Test\Test_JL</Filter>
    </ClCompile>
    <ClCompile Include="JBLMM\Test\Test_McGeneticTargetSwapPricing.cpp">
      <Filter>LMM\Test\Test_JL</Filter>
    </ClCompile>
    <ClCompile Include="Cheyette\CheyetteModel\CheyetteDD_Model.cpp" />
    <ClCompile Include="Cheyette\CheyetteModel\CourbeInput.cpp" />
    <ClCompile Include="Cheyette\Pricer\CheyetteDD_VanillaSwaptionApproxPricer.cpp" />
    <ClCompile Include="Cheyette\Pricer\MC_Cheyette.cpp" />
    <ClCompile Include="Cheyette\Pricer\MC_CheyetteDD_VanillaSwapPricer.cpp" />
    <ClCompile Include="Cheyette\unit_test\Test_CheyetteDD_Model.cpp" />
    <ClCompile Include="Cheyette\unit_test\TestApproxDD.cpp" />
    <ClCompile Include="Cheyette\unit_test\TestFonction.cpp" />
    <ClCompile Include="Cheyette\unit_test\TestIntegrator1D_2D.cpp" />
    <ClCompile Include="Cheyette\unit_test\TestMC.cpp" />
    <ClCompile Include="Cheyette\InverseFunction.cpp" />
    <ClCompile Include="Cheyette\Pricer\MC_CheyetteDD_ZCPricer.cpp" />
    <ClCompile Include="Cheyette\Pricer\MC_CheyetteDD_VanillaSwaptionPricer.cpp" />
  </ItemGroup>
  <ItemGroup>
    <None Include="TODO" />
  </ItemGroup>
</Project>