<?xml version="1.0" encoding="utf-8"?>
<Project ToolsVersion="4.0" xmlns="http://schemas.microsoft.com/developer/msbuild/2003">
  <ItemGroup>
    <ClInclude Include="Cheyette\Model\CheyetteDD_Model.h">
      <Filter>Cheyette\Model</Filter>
    </ClInclude>
    <ClInclude Include="Cheyette\Model\CheyetteModel.h">
      <Filter>Cheyette\Model</Filter>
    </ClInclude>
    <ClInclude Include="Cheyette\Model\CheyetteQuad_Model.h">
      <Filter>Cheyette\Model</Filter>
    </ClInclude>
    <ClInclude Include="Cheyette\Model\CourbeInput.h">
      <Filter>Cheyette\Model</Filter>
    </ClInclude>
    <ClInclude Include="Cheyette\Pricer\MC_Cheyette.h">
      <Filter>Cheyette\Pricer</Filter>
    </ClInclude>
    <ClInclude Include="Cheyette\Pricer\PDE_Cheyette_Model.h">
      <Filter>Cheyette\Pricer</Filter>
    </ClInclude>
    <ClInclude Include="Cheyette\Pricer\PDE_Cheyette_Pricer.h">
      <Filter>Cheyette\Pricer</Filter>
    </ClInclude>
    <ClInclude Include="Cheyette\Pricer\PDE_CheyetteDD_GenericSwapPricer.h">
      <Filter>Cheyette\Pricer</Filter>
    </ClInclude>
    <ClInclude Include="Cheyette\Pricer\PDE_CheyetteDD_VanillaSwapPricer.h">
      <Filter>Cheyette\Pricer</Filter>
    </ClInclude>
    <ClInclude Include="Cheyette\Fonction.h">
      <Filter>Cheyette</Filter>
    </ClInclude>
    <ClInclude Include="Instrument\Coupon\CappedFlooredCoupon.h">
      <Filter>Instrument\Coupon</Filter>
    </ClInclude>
    <ClInclude Include="Instrument\Coupon\Coupon.h">
      <Filter>Instrument\Coupon</Filter>
    </ClInclude>
    <ClInclude Include="Instrument\Coupon\CouponLeg.h">
      <Filter>Instrument\Coupon</Filter>
    </ClInclude>
    <ClInclude Include="Instrument\Coupon\RatchetCoupon.h">
      <Filter>Instrument\Coupon</Filter>
    </ClInclude>
    <ClInclude Include="Instrument\Coupon\TargetCoupon.h">
      <Filter>Instrument\Coupon</Filter>
    </ClInclude>
    <ClInclude Include="Instrument\GenericSwap\GenericSwap.h">
      <Filter>Instrument\GenericSwap</Filter>
    </ClInclude>
    <ClInclude Include="Instrument\GenericSwap\GenericSwaption.h">
      <Filter>Instrument\GenericSwap</Filter>
    </ClInclude>
    <ClInclude Include="Instrument\Rate\ConstRate.h">
      <Filter>Instrument\Rate</Filter>
    </ClInclude>
    <ClInclude Include="Instrument\Rate\LiborRate.h">
      <Filter>Instrument\Rate</Filter>
    </ClInclude>
    <ClInclude Include="Instrument\Rate\Rate1.h">
      <Filter>Instrument\Rate</Filter>
    </ClInclude>
    <ClInclude Include="Instrument\Rate\VanillaSwapRate.h">
      <Filter>Instrument\Rate</Filter>
    </ClInclude>
    <ClInclude Include="Instrument\BermudanSwaption.h">
      <Filter>Instrument</Filter>
    </ClInclude>
    <ClInclude Include="Instrument\BermudanVanillaSwaption.h">
      <Filter>Instrument</Filter>
    </ClInclude>
    <ClInclude Include="Instrument\Caplet.h">
      <Filter>Instrument</Filter>
    </ClInclude>
    <ClInclude Include="Instrument\CMS.h">
      <Filter>Instrument</Filter>
    </ClInclude>
    <ClInclude Include="Instrument\Instrument.h">
      <Filter>Instrument</Filter>
    </ClInclude>
    <ClInclude Include="Instrument\InstrumentFactory.h">
      <Filter>Instrument</Filter>
    </ClInclude>
    <ClInclude Include="Instrument\Tarn.h">
      <Filter>Instrument</Filter>
    </ClInclude>
    <ClInclude Include="Instrument\VanillaCaplet.h">
      <Filter>Instrument</Filter>
    </ClInclude>
    <ClInclude Include="Instrument\VanillaFRA.h">
      <Filter>Instrument</Filter>
    </ClInclude>
    <ClInclude Include="Instrument\VanillaSwap.h">
      <Filter>Instrument</Filter>
    </ClInclude>
    <ClInclude Include="Instrument\VanillaSwaption.h">
      <Filter>Instrument</Filter>
    </ClInclude>
    <ClInclude Include="Numeric\BilinearInterpolation.h">
      <Filter>Numeric</Filter>
    </ClInclude>
    <ClInclude Include="Numeric\Integrator1D.h">
      <Filter>Numeric</Filter>
    </ClInclude>
    <ClInclude Include="Numeric\Interpolation.h">
      <Filter>Numeric</Filter>
    </ClInclude>
    <ClInclude Include="Numeric\NumericalMethods.h">
      <Filter>Numeric</Filter>
    </ClInclude>
    <ClInclude Include="Numeric\PCA.h">
      <Filter>Numeric</Filter>
    </ClInclude>
    <ClInclude Include="Numeric\RebonatoAngle.h">
      <Filter>Numeric</Filter>
    </ClInclude>
    <ClInclude Include="Numeric\UpperTriangularMatrixInterpolator.h">
      <Filter>Numeric</Filter>
    </ClInclude>
    <ClInclude Include="RNGenerator\McGenerator.h">
      <Filter>RNGenerator</Filter>
    </ClInclude>
    <ClInclude Include="RNGenerator\QMcGenerator.h">
      <Filter>RNGenerator</Filter>
    </ClInclude>
    <ClInclude Include="RNGenerator\RNGenerator.h">
      <Filter>RNGenerator</Filter>
    </ClInclude>
    <ClInclude Include="PDE\Matrix\Matrix.h">
      <Filter>PDE\Matrix</Filter>
    </ClInclude>
    <ClInclude Include="PDE\Matrix\svd.h">
      <Filter>PDE\Matrix</Filter>
    </ClInclude>
    <ClInclude Include="PDE\Matrix\test_Matrix_class.h">
      <Filter>PDE\Matrix</Filter>
    </ClInclude>
    <ClInclude Include="PDE\Matrix\TridiagonalMatrix.h">
      <Filter>PDE\Matrix</Filter>
    </ClInclude>
    <ClInclude Include="PDE\BoundaryCondition\BoundaryCondition_D2.h">
      <Filter>PDE\BoundaryCondition</Filter>
    </ClInclude>
    <ClInclude Include="PDE\BoundaryCondition\BoundaryCondition_D2_density.h">
      <Filter>PDE\BoundaryCondition</Filter>
    </ClInclude>
    <ClInclude Include="PDE\BoundaryCondition\BoundaryCondition_Heston_Put.h">
      <Filter>PDE\BoundaryCondition</Filter>
    </ClInclude>
    <ClInclude Include="PDE\BoundaryCondition\Space_BoundaryCondition.h">
      <Filter>PDE\BoundaryCondition</Filter>
    </ClInclude>
    <ClInclude Include="PDE\BoundaryCondition\Space_BoundaryCondition_Diriclet.h">
      <Filter>PDE\BoundaryCondition</Filter>
    </ClInclude>
    <ClInclude Include="PDE\BoundaryCondition\Space_BoundaryCondition_Neumann.h">
      <Filter>PDE\BoundaryCondition</Filter>
    </ClInclude>
    <ClInclude Include="PDE\BoundaryCondition\Space_BoundaryCondition_PDE.h">
      <Filter>PDE\BoundaryCondition</Filter>
    </ClInclude>
    <ClInclude Include="PDE\Discretization\Discretization.h">
      <Filter>PDE\Discretization</Filter>
    </ClInclude>
    <ClInclude Include="PDE\Discretization\Discretization_D2.h">
      <Filter>PDE\Discretization</Filter>
    </ClInclude>
    <ClInclude Include="PDE\Discretization\Discretization_Simple.h">
      <Filter>PDE\Discretization</Filter>
    </ClInclude>
    <ClInclude Include="PDE\Discretization\Range.h">
      <Filter>PDE\Discretization</Filter>
    </ClInclude>
    <ClInclude Include="PDE\Solver\Linear_Equation_Solver.h">
      <Filter>PDE\Solver</Filter>
    </ClInclude>
    <ClInclude Include="PDE\Solver\PDE_ADI_Solver.h">
      <Filter>PDE\Solver</Filter>
    </ClInclude>
    <ClInclude Include="PDE\Scheme\Scheme_ADI.h">
      <Filter>PDE\Scheme</Filter>
    </ClInclude>
    <ClInclude Include="PDE\Scheme\Scheme_CS.h">
      <Filter>PDE\Scheme</Filter>
    </ClInclude>
    <ClInclude Include="PDE\Scheme\Scheme_Douglas.h">
      <Filter>PDE\Scheme</Filter>
    </ClInclude>
    <ClInclude Include="PDE\Scheme\Scheme_HV.h">
      <Filter>PDE\Scheme</Filter>
    </ClInclude>
    <ClInclude Include="PDE\Scheme\Scheme_MCS.h">
      <Filter>PDE\Scheme</Filter>
    </ClInclude>
    <ClInclude Include="PDE\Scheme\Scheme_Yanenko.h">
      <Filter>PDE\Scheme</Filter>
    </ClInclude>
    <ClInclude Include="PDE\useful_function.h">
      <Filter>PDE</Filter>
    </ClInclude>
    <ClInclude Include="PDE\Test_PDE.h">
      <Filter>PDE</Filter>
    </ClInclude>
    <ClInclude Include="PDE\Term_Structure.h">
      <Filter>PDE</Filter>
    </ClInclude>
    <ClInclude Include="PDE\Quadrature.h">
      <Filter>PDE</Filter>
    </ClInclude>
    <ClInclude Include="PDE\PDE_Model_SLV_SABR.h">
      <Filter>PDE</Filter>
    </ClInclude>
    <ClInclude Include="PDE\PDE_Model_SABR.h">
      <Filter>PDE</Filter>
    </ClInclude>
    <ClInclude Include="PDE\PDE_Model_Heston.h">
      <Filter>PDE</Filter>
    </ClInclude>
    <ClInclude Include="PDE\PDE_2D_Pricer.h">
      <Filter>PDE</Filter>
    </ClInclude>
    <ClInclude Include="PDE\PDE_2D_Model.h">
      <Filter>PDE</Filter>
    </ClInclude>
    <ClInclude Include="PDE\Payoff.h">
      <Filter>PDE</Filter>
    </ClInclude>
    <ClInclude Include="PDE\Params.h">
      <Filter>PDE</Filter>
    </ClInclude>
    <ClInclude Include="PDE\Model.h">
      <Filter>PDE</Filter>
    </ClInclude>
    <ClInclude Include="PDE\Interpolator.h">
      <Filter>PDE</Filter>
    </ClInclude>
    <ClInclude Include="PDE\HestonModelYuan.h">
      <Filter>PDE</Filter>
    </ClInclude>
    <ClInclude Include="PDE\HestonModel.h">
      <Filter>PDE</Filter>
    </ClInclude>
    <ClInclude Include="PDE\Heston_analytical_pricer.h">
      <Filter>PDE</Filter>
    </ClInclude>
    <ClInclude Include="PDE\FFT.h">
      <Filter>PDE</Filter>
    </ClInclude>
    <ClInclude Include="LMM\Calibration\ATMSwaptionMarketData.h">
      <Filter>LMM\Calibration</Filter>
    </ClInclude>
    <ClInclude Include="LMM\Calibration\CalibrationType.h">
      <Filter>LMM\Calibration</Filter>
    </ClInclude>
    <ClInclude Include="LMM\Calibration\DerivatibleFunction.h">
      <Filter>LMM\Calibration</Filter>
    </ClInclude>
    <ClInclude Include="LMM\Calibration\LmmCalibrationConfig.h">
      <Filter>LMM\Calibration</Filter>
    </ClInclude>
    <ClInclude Include="LMM\Calibration\LmmPenalty.h">
      <Filter>LMM\Calibration</Filter>
    </ClInclude>
    <ClInclude Include="LMM\Calibration\SwaptionMarketDataContainer.h">
      <Filter>LMM\Calibration</Filter>
    </ClInclude>
    <ClInclude Include="LMM\Calibration\SwaptionMarketDataManager.h">
      <Filter>LMM\Calibration</Filter>
    </ClInclude>
    <ClInclude Include="LMM\Calibration\TestCostFunction.h">
      <Filter>LMM\Calibration</Filter>
    </ClInclude>
    <ClInclude Include="LMM\Calibration\TestHGVolatilityParam.h">
      <Filter>LMM\Calibration</Filter>
    </ClInclude>
    <ClInclude Include="LMM\Calibration\Calibrator_CostFunction\CalibrationShiftCostFunction.h">
      <Filter>LMM\Calibration\Calibration_CostFunction</Filter>
    </ClInclude>
    <ClInclude Include="LMM\Calibration\Calibrator_CostFunction\LmmABCDCalibrator.h">
      <Filter>LMM\Calibration\Calibration_CostFunction</Filter>
    </ClInclude>
    <ClInclude Include="LMM\Calibration\Calibrator_CostFunction\LmmABCDCostFunction.h">
      <Filter>LMM\Calibration\Calibration_CostFunction</Filter>
    </ClInclude>
    <ClInclude Include="LMM\Calibration\Calibrator_CostFunction\LmmBaseCalibrator.h">
      <Filter>LMM\Calibration\Calibration_CostFunction</Filter>
    </ClInclude>
    <ClInclude Include="LMM\Calibration\Calibrator_CostFunction\LmmBaseCostFunction.h">
      <Filter>LMM\Calibration\Calibration_CostFunction</Filter>
    </ClInclude>
    <ClInclude Include="LMM\Calibration\Calibrator_CostFunction\LmmCascade_gCalibrator.h">
      <Filter>LMM\Calibration\Calibration_CostFunction</Filter>
    </ClInclude>
    <ClInclude Include="LMM\Calibration\Calibrator_CostFunction\LmmCascade_gCostFunction.h">
      <Filter>LMM\Calibration\Calibration_CostFunction</Filter>
    </ClInclude>
    <ClInclude Include="LMM\Calibration\Calibrator_CostFunction\LmmCorrelationCalibrator.h">
      <Filter>LMM\Calibration\Calibration_CostFunction</Filter>
    </ClInclude>
    <ClInclude Include="LMM\Calibration\Calibrator_CostFunction\LmmCorrelationCostFunction.h">
      <Filter>LMM\Calibration\Calibration_CostFunction</Filter>
    </ClInclude>
    <ClInclude Include="LMM\Calibration\Calibrator_CostFunction\LmmGlobal_gCalibrator.h">
      <Filter>LMM\Calibration\Calibration_CostFunction</Filter>
    </ClInclude>
    <ClInclude Include="LMM\Calibration\Calibrator_CostFunction\LmmGlobal_gCostFunction.h">
      <Filter>LMM\Calibration\Calibration_CostFunction</Filter>
    </ClInclude>
    <ClInclude Include="LMM\Calibration\Calibrator_CostFunction\LmmLocal_gCalibrator.h">
      <Filter>LMM\Calibration\Calibration_CostFunction</Filter>
    </ClInclude>
    <ClInclude Include="LMM\Calibration\Calibrator_CostFunction\LmmLocal_gCostFunction.h">
      <Filter>LMM\Calibration\Calibration_CostFunction</Filter>
    </ClInclude>
    <ClInclude Include="LMM\Calibration\Calibrator_CostFunction\LmmShiftCalibrator.h">
      <Filter>LMM\Calibration\Calibration_CostFunction</Filter>
    </ClInclude>
    <ClInclude Include="LMM\Calibration\Calibrator_CostFunction\LmmSkewCostFunction.h">
      <Filter>LMM\Calibration\Calibration_CostFunction</Filter>
    </ClInclude>
    <ClInclude Include="LMM\Mc\McLmm.h">
      <Filter>LMM\Mc</Filter>
    </ClInclude>
    <ClInclude Include="LMM\Mc\McSpotLmm.h">
      <Filter>LMM\Mc</Filter>
    </ClInclude>
    <ClInclude Include="LMM\Mc\McTerminalLmm.h">
      <Filter>LMM\Mc</Filter>
    </ClInclude>
    <ClInclude Include="LMM\Model\BetaLmm.h">
      <Filter>LMM\Model</Filter>
    </ClInclude>
    <ClInclude Include="LMM\Model\BetaShifted_HGVolatilityFunction.h">
      <Filter>LMM\Model</Filter>
    </ClInclude>
    <ClInclude Include="LMM\Model\ConstShifted_HGVolatilityFunction.h">
      <Filter>LMM\Model</Filter>
    </ClInclude>
    <ClInclude Include="LMM\Model\Correlation.h">
      <Filter>LMM\Model</Filter>
    </ClInclude>
    <ClInclude Include="LMM\Model\Dispersion.h">
      <Filter>LMM\Model</Filter>
    </ClInclude>
    <ClInclude Include="LMM\Model\Lmm.h">
      <Filter>LMM\Model</Filter>
    </ClInclude>
    <ClInclude Include="LMM\Model\Shifted_HGVolatilityFunction.h">
      <Filter>LMM\Model</Filter>
    </ClInclude>
    <ClInclude Include="LMM\Model\ShiftedLmm.h">
      <Filter>LMM\Model</Filter>
    </ClInclude>
    <ClInclude Include="LMM\Model\VolatilityFunction.h">
      <Filter>LMM\Model</Filter>
    </ClInclude>
    <ClInclude Include="LMM\Helper\BuildVariable.h">
      <Filter>LMM\Helper</Filter>
    </ClInclude>
    <ClInclude Include="LMM\Helper\EqualOperator.h">
      <Filter>LMM\Helper</Filter>
    </ClInclude>
    <ClInclude Include="LMM\Helper\GenericPath.h">
      <Filter>LMM\Helper</Filter>
    </ClInclude>
    <ClInclude Include="LMM\Helper\InputFileManager.h">
      <Filter>LMM\Helper</Filter>
    </ClInclude>
    <ClInclude Include="LMM\Helper\LmmGnuplotPrinterMatrix.h">
      <Filter>LMM\Helper</Filter>
    </ClInclude>
    <ClInclude Include="LMM\Helper\LMMTenorStructure.h">
      <Filter>LMM\Helper</Filter>
    </ClInclude>
    <ClInclude Include="LMM\Helper\Name.h">
      <Filter>LMM\Helper</Filter>
    </ClInclude>
    <ClInclude Include="LMM\Helper\Noise.h">
      <Filter>LMM\Helper</Filter>
    </ClInclude>
    <ClInclude Include="LMM\Helper\Printer.h">
      <Filter>LMM\Helper</Filter>
    </ClInclude>
    <ClInclude Include="LMM\Helper\TenorType.h">
      <Filter>LMM\Helper</Filter>
    </ClInclude>
    <ClInclude Include="LMM\Helper\Tensor.h">
      <Filter>LMM\Helper</Filter>
    </ClInclude>
    <ClInclude Include="LMM\Helper\TriangularMatrixConverter.h">
      <Filter>LMM\Helper</Filter>
    </ClInclude>
    <ClInclude Include="LMM\Helper\TypeConverter.h">
      <Filter>LMM\Helper</Filter>
    </ClInclude>
    <ClInclude Include="LMM\Greek\LmmVega.h">
      <Filter>LMM\Greek</Filter>
    </ClInclude>
    <ClInclude Include="LMM\Test\Test_CalibrationConfig.h">
      <Filter>LMM\Test</Filter>
    </ClInclude>
    <ClInclude Include="LMM\Test\Test_createLmmModel.h">
      <Filter>LMM\Test</Filter>
    </ClInclude>
    <ClInclude Include="LMM\Test\Tests.h">
      <Filter>LMM\Test</Filter>
    </ClInclude>
    <ClInclude Include="LMM\LmmABCDFinder.h">
      <Filter>LMM</Filter>
    </ClInclude>
    <ClInclude Include="LMM\LmmSwaptionMarketData.h">
      <Filter>LMM</Filter>
    </ClInclude>
    <ClInclude Include="LMM\LmmSwaptionMarketDataFull.h">
      <Filter>LMM</Filter>
    </ClInclude>
    <ClInclude Include="LMM\UpperTriangleVanillaSwaptionQuotes.h">
      <Filter>LMM</Filter>
    </ClInclude>
    <ClInclude Include="LMM\VolatilityGridBuilder.h">
      <Filter>LMM</Filter>
    </ClInclude>
    <ClInclude Include="LMM\Pricer\GenericVanillaSwapPricer.h">
      <Filter>LMM\Pricer</Filter>
    </ClInclude>
    <ClInclude Include="LMM\Pricer\LmmInstrumentPricer.h">
      <Filter>LMM\Pricer</Filter>
    </ClInclude>
    <ClInclude Include="LMM\Pricer\LmmAnalyticalPricer\LmmVanillaCapletPricer.h">
      <Filter>LMM\Pricer\LmmAnalyticalPricer</Filter>
    </ClInclude>
    <ClInclude Include="LMM\Pricer\LmmAnalyticalPricer\LmmVanillaFRAPricer.h">
      <Filter>LMM\Pricer\LmmAnalyticalPricer</Filter>
    </ClInclude>
    <ClInclude Include="LMM\Pricer\LmmAnalyticalPricer\LmmVanillaSwapPricer.h">
      <Filter>LMM\Pricer\LmmAnalyticalPricer</Filter>
    </ClInclude>
    <ClInclude Include="LMM\Pricer\LmmApproximationPricer\LmmVanillaSwaptionApproxPricer.h">
      <Filter>LMM\Pricer\LmmApproximationPricer</Filter>
    </ClInclude>
    <ClInclude Include="LMM\Pricer\LmmApproximationPricer\LmmVanillaSwaptionApproxPricer_MP.h">
      <Filter>LMM\Pricer\LmmApproximationPricer</Filter>
    </ClInclude>
    <ClInclude Include="LMM\Pricer\LmmApproximationPricer\LmmVanillaSwaptionApproxPricer_Piterbarg.h">
      <Filter>LMM\Pricer\LmmApproximationPricer</Filter>
    </ClInclude>
    <ClInclude Include="LMM\Pricer\LmmApproximationPricer\LmmVanillaSwaptionApproxPricer_Rebonato.h">
      <Filter>LMM\Pricer\LmmApproximationPricer</Filter>
    </ClInclude>
    <ClInclude Include="LMM\Pricer\Longstaff_Schwartz\Basis.h">
      <Filter>LMM\Pricer\Longstaff_Schwartz</Filter>
    </ClInclude>
    <ClInclude Include="LMM\Pricer\Longstaff_Schwartz\Basis_Evaluator.h">
      <Filter>LMM\Pricer\Longstaff_Schwartz</Filter>
    </ClInclude>
    <ClInclude Include="LMM\Pricer\Longstaff_Schwartz\EV.h">
      <Filter>LMM\Pricer\Longstaff_Schwartz</Filter>
    </ClInclude>
    <ClInclude Include="LMM\Pricer\Longstaff_Schwartz\EV_Evaluator.h">
      <Filter>LMM\Pricer\Longstaff_Schwartz</Filter>
    </ClInclude>
    <ClInclude Include="LMM\Pricer\Longstaff_Schwartz\LS_ForwardAlgo.h">
      <Filter>LMM\Pricer\Longstaff_Schwartz</Filter>
    </ClInclude>
    <ClInclude Include="LMM\Pricer\Longstaff_Schwartz\McLmm_LS.h">
      <Filter>LMM\Pricer\Longstaff_Schwartz</Filter>
    </ClInclude>
    <ClInclude Include="LMM\Pricer\Longstaff_Schwartz\Regression_LS.h">
      <Filter>LMM\Pricer\Longstaff_Schwartz</Filter>
    </ClInclude>
    <ClInclude Include="LMM\Pricer\McLmmPricer\McLmmBermudanSwaptionPricer.h">
      <Filter>LMM\Pricer\McLmmPricer</Filter>
    </ClInclude>
    <ClInclude Include="LMM\Pricer\McLmmPricer\McLmmCallableOptionPricer.h">
      <Filter>LMM\Pricer\McLmmPricer</Filter>
    </ClInclude>
    <ClInclude Include="LMM\Pricer\McLmmPricer\McLmmGenericSwapPricer.h">
      <Filter>LMM\Pricer\McLmmPricer</Filter>
    </ClInclude>
    <ClInclude Include="LMM\Pricer\McLmmPricer\McLmmGenericTargetSwapPricer.h">
      <Filter>LMM\Pricer\McLmmPricer</Filter>
    </ClInclude>
    <ClInclude Include="LMM\Pricer\McLmmPricer\McLmmPricer.h">
      <Filter>LMM\Pricer\McLmmPricer</Filter>
    </ClInclude>
    <ClInclude Include="LMM\Pricer\McLmmPricer\McLmmVanillaCapletPricer.h">
      <Filter>LMM\Pricer\McLmmPricer</Filter>
    </ClInclude>
    <ClInclude Include="LMM\Pricer\McLmmPricer\McLmmVanillaFRAPricer.h">
      <Filter>LMM\Pricer\McLmmPricer</Filter>
    </ClInclude>
    <ClInclude Include="LMM\Pricer\McLmmPricer\McLmmVanillaSwapPricer.h">
      <Filter>LMM\Pricer\McLmmPricer</Filter>
    </ClInclude>
    <ClInclude Include="LMM\Pricer\McLmmPricer\McLmmVanillaSwaptionPricer.h">
      <Filter>LMM\Pricer\McLmmPricer</Filter>
    </ClInclude>
    <ClInclude Include="StaticReplication\CombinationOperator.h">
      <Filter>StaticReplication</Filter>
    </ClInclude>
    <ClInclude Include="StaticReplication\DerivatibleFunction.h">
      <Filter>StaticReplication</Filter>
    </ClInclude>
    <ClInclude Include="StaticReplication\Functional.h">
      <Filter>StaticReplication</Filter>
    </ClInclude>
    <ClInclude Include="StaticReplication\StaticReplicationCMS.h">
      <Filter>StaticReplication</Filter>
    </ClInclude>
    <ClInclude Include="StaticReplication\StaticReplicationFormula.h">
      <Filter>StaticReplication</Filter>
    </ClInclude>
    <ClInclude Include="PDE\BoundaryCondition\TimeInitial_BoundaryCondition.h">
      <Filter>PDE\BoundaryCondition</Filter>
    </ClInclude>
    <ClInclude Include="LMM\Calibration\GMatrixMapping.h">
      <Filter>LMM\Calibration</Filter>
    </ClInclude>
    <ClInclude Include="Cheyette\Pricer\MC_Cheyette_VanillaSwapPricer.h">
      <Filter>Cheyette\Pricer</Filter>
    </ClInclude>
    <ClInclude Include="Cheyette\Calibration\Cheyette_CostFunctionConvexity.h">
      <Filter>Cheyette\Calibration</Filter>
    </ClInclude>
    <ClInclude Include="Cheyette\Calibration\Cheyette_CostFunctionLevel.h">
      <Filter>Cheyette\Calibration</Filter>
    </ClInclude>
    <ClInclude Include="Cheyette\Calibration\Cheyette_CostFunctionSkew.h">
      <Filter>Cheyette\Calibration</Filter>
    </ClInclude>
    <ClInclude Include="Cheyette\Pricer\Cheyette_SwaptionPricer_Approx.h">
      <Filter>Cheyette\Pricer</Filter>
    </ClInclude>
    <ClInclude Include="Cheyette\Pricer\Cheyette_SwaptionPricer_LinearApprox.h">
      <Filter>Cheyette\Pricer</Filter>
    </ClInclude>
    <ClInclude Include="Cheyette\Pricer\Cheyette_SwaptionPricer_QuadApprox.h">
      <Filter>Cheyette\Pricer</Filter>
    </ClInclude>
    <ClInclude Include="Cheyette\Calibration\CheyetteBaseCalibrator.h">
      <Filter>Cheyette\Calibration</Filter>
    </ClInclude>
    <ClInclude Include="Cheyette\Calibration\CheyetteBaseCostFunction.h">
      <Filter>Cheyette\Calibration</Filter>
    </ClInclude>
    <ClInclude Include="Cheyette\Calibration\CheyetteDD_LocalCalibrator.h">
      <Filter>Cheyette\Calibration</Filter>
    </ClInclude>
    <ClInclude Include="Cheyette\Calibration\CheyetteQuad_LocalCalibrator.h">
      <Filter>Cheyette\Calibration</Filter>
    </ClInclude>
    <ClInclude Include="Cheyette\Calibration\MarketDataConvertor.h">
      <Filter>Cheyette\Calibration</Filter>
    </ClInclude>
    <ClInclude Include="Cheyette\Calibration\CheyetteMarketData.h">
      <Filter>Cheyette\Calibration</Filter>
    </ClInclude>
    <ClInclude Include="Cheyette\Calibration\CheyetteMarketData_2.h">
      <Filter>Cheyette\Calibration</Filter>
    </ClInclude>
    <ClInclude Include="Cheyette\unit_test\TestMC.h">
      <Filter>Cheyette\Test</Filter>
    </ClInclude>
    <ClInclude Include="Cheyette\unit_test\TestIntegrator1D_2D.h">
      <Filter>Cheyette\Test</Filter>
    </ClInclude>
    <ClInclude Include="Cheyette\unit_test\TestFonction.h">
      <Filter>Cheyette\Test</Filter>
    </ClInclude>
    <ClInclude Include="Cheyette\unit_test\TestCalibrator.h">
      <Filter>Cheyette\Test</Filter>
    </ClInclude>
    <ClInclude Include="Cheyette\unit_test\TestApproxDD.h">
      <Filter>Cheyette\Test</Filter>
    </ClInclude>
    <ClInclude Include="Cheyette\unit_test\TestApproxCall.h">
      <Filter>Cheyette\Test</Filter>
    </ClInclude>
    <ClInclude Include="Cheyette\unit_test\Test_LectureFichier.h">
      <Filter>Cheyette\Test</Filter>
    </ClInclude>
    <ClInclude Include="Cheyette\unit_test\Test_comparaison_MC_approx.h">
      <Filter>Cheyette\Test</Filter>
    </ClInclude>
    <ClInclude Include="Cheyette\unit_test\Test_CheyetteQuad_Model.h">
      <Filter>Cheyette\Test</Filter>
    </ClInclude>
    <ClInclude Include="Cheyette\unit_test\Test_CheyetteDD_Model.h">
      <Filter>Cheyette\Test</Filter>
    </ClInclude>
    <ClInclude Include="Cheyette\Pricer\MC_Cheyette_VanillaSwaptionPricer.h">
      <Filter>Cheyette\Pricer</Filter>
    </ClInclude>
    <ClInclude Include="LMM\Test\Test_Junbin\JBTests.h" />
    <ClInclude Include="LMM\Pricer\Longstaff_Schwartz\LS_BackwardAlgo.h">
      <Filter>LMM\Pricer\Longstaff_Schwartz</Filter>
    </ClInclude>
    <ClInclude Include="LMM\Pricer\McLmmPricer\McLmmCallableGenericSwapPricer.h" />
    <ClInclude Include="Instrument\CallableOption\CallableInstrument.h" />
    <ClInclude Include="Instrument\CallableOption\CallableGenericSwap.h" />
  </ItemGroup>
  <ItemGroup>
    <Filter Include="Cheyette">
      <UniqueIdentifier>{f30cea8e-8aa5-4363-9ad1-b1d128e16066}</UniqueIdentifier>
    </Filter>
    <Filter Include="LMM">
      <UniqueIdentifier>{517fb719-a531-4068-b73d-01c0c3fa2d80}</UniqueIdentifier>
    </Filter>
    <Filter Include="Instrument">
      <UniqueIdentifier>{cab5dc50-6593-4449-89ed-1ed174109ad0}</UniqueIdentifier>
    </Filter>
    <Filter Include="RNGenerator">
      <UniqueIdentifier>{20250de2-ed6d-4962-a658-6a8d2c8f027f}</UniqueIdentifier>
    </Filter>
    <Filter Include="PDE">
      <UniqueIdentifier>{16e9abea-ae76-49cc-856b-477127b7045a}</UniqueIdentifier>
    </Filter>
    <Filter Include="Cheyette\Calibration">
      <UniqueIdentifier>{f235bb5b-f624-447f-a034-e6941ac93793}</UniqueIdentifier>
    </Filter>
    <Filter Include="Cheyette\Model">
      <UniqueIdentifier>{737b75d1-e9d2-4513-85b8-d8b68479b35f}</UniqueIdentifier>
    </Filter>
    <Filter Include="Cheyette\Pricer">
      <UniqueIdentifier>{29e7064d-0d89-448d-81d5-8afb871e3bad}</UniqueIdentifier>
    </Filter>
    <Filter Include="Cheyette\Test">
      <UniqueIdentifier>{51036b36-c8d3-4ab4-bd07-dc5b0fc7e782}</UniqueIdentifier>
    </Filter>
    <Filter Include="Instrument\Coupon">
      <UniqueIdentifier>{a07eefa0-af30-4d6f-bf4a-978ef59ddcb5}</UniqueIdentifier>
    </Filter>
    <Filter Include="Instrument\GenericSwap">
      <UniqueIdentifier>{36285dc3-7c61-4fe8-8d40-f1d8104b4575}</UniqueIdentifier>
    </Filter>
    <Filter Include="Instrument\Rate">
      <UniqueIdentifier>{a78ba7d8-3c70-4911-9225-a159a265f265}</UniqueIdentifier>
    </Filter>
    <Filter Include="Numeric">
      <UniqueIdentifier>{58bc3429-f7ca-4cf2-8091-2bee84c925a2}</UniqueIdentifier>
    </Filter>
    <Filter Include="LMM\Calibration">
      <UniqueIdentifier>{8aa06db5-8612-4c7b-ab88-144da3557757}</UniqueIdentifier>
    </Filter>
    <Filter Include="PDE\Matrix">
      <UniqueIdentifier>{be5dd94e-e18e-4fed-9995-f88fd2a87739}</UniqueIdentifier>
    </Filter>
    <Filter Include="PDE\BoundaryCondition">
      <UniqueIdentifier>{72cae7e3-f7fe-4ac4-ae95-b85083a8d140}</UniqueIdentifier>
    </Filter>
    <Filter Include="PDE\Scheme">
      <UniqueIdentifier>{b1b8f747-32e2-4fb6-bcaf-8ed944e5243e}</UniqueIdentifier>
    </Filter>
    <Filter Include="PDE\Discretization">
      <UniqueIdentifier>{b70ef3f0-0c46-46b7-92a1-225e6dd70462}</UniqueIdentifier>
    </Filter>
    <Filter Include="PDE\Solver">
      <UniqueIdentifier>{c4726748-ff87-4329-a1f7-19b706c444d3}</UniqueIdentifier>
    </Filter>
    <Filter Include="LMM\Mc">
      <UniqueIdentifier>{7695b071-e7d5-4c1a-8172-a3e10f6297f7}</UniqueIdentifier>
    </Filter>
    <Filter Include="LMM\Model">
      <UniqueIdentifier>{565cf2cd-0854-4f5b-9a0d-15b1389c16ef}</UniqueIdentifier>
    </Filter>
    <Filter Include="LMM\Pricer">
      <UniqueIdentifier>{3200ab63-ea58-4c38-9468-92db119bc9a6}</UniqueIdentifier>
    </Filter>
    <Filter Include="LMM\Greek">
      <UniqueIdentifier>{8076e6be-d44a-4e84-926e-1d5dd9e7275d}</UniqueIdentifier>
    </Filter>
    <Filter Include="LMM\Helper">
      <UniqueIdentifier>{49ca7ce2-bcf9-4fc2-ad54-389e7cd8915c}</UniqueIdentifier>
    </Filter>
    <Filter Include="LMM\Test">
      <UniqueIdentifier>{4596be46-4ca2-4136-b40f-433a59cfb6e3}</UniqueIdentifier>
    </Filter>
    <Filter Include="LMM\Calibration\Calibration_CostFunction">
      <UniqueIdentifier>{08530e6f-4c0a-4f66-91d8-3be94dac579a}</UniqueIdentifier>
    </Filter>
    <Filter Include="LMM\Pricer\LmmAnalyticalPricer">
      <UniqueIdentifier>{e420f356-077f-475a-85c7-30618786b577}</UniqueIdentifier>
    </Filter>
    <Filter Include="LMM\Pricer\LmmApproximationPricer">
      <UniqueIdentifier>{76ba8134-1b95-4929-9e62-d3066f9edfd8}</UniqueIdentifier>
    </Filter>
    <Filter Include="LMM\Pricer\Longstaff_Schwartz">
      <UniqueIdentifier>{a3b6e143-9b8a-4b54-b951-3b60f2f01f1b}</UniqueIdentifier>
    </Filter>
    <Filter Include="LMM\Pricer\McLmmPricer">
      <UniqueIdentifier>{56149615-c927-48f3-a709-1ee474d053ac}</UniqueIdentifier>
    </Filter>
    <Filter Include="StaticReplication">
      <UniqueIdentifier>{2847939e-1c19-4ea2-83b0-ad33babd8aae}</UniqueIdentifier>
    </Filter>
  </ItemGroup>
  <ItemGroup>
    <ClCompile Include="Cheyette\Model\CheyetteDD_Model.cpp">
      <Filter>Cheyette\Model</Filter>
    </ClCompile>
    <ClCompile Include="Cheyette\Model\CheyetteQuad_Model.cpp">
      <Filter>Cheyette\Model</Filter>
    </ClCompile>
    <ClCompile Include="Cheyette\Model\CourbeInput.cpp">
      <Filter>Cheyette\Model</Filter>
    </ClCompile>
    <ClCompile Include="Cheyette\Pricer\MC_Cheyette.cpp">
      <Filter>Cheyette\Pricer</Filter>
    </ClCompile>
    <ClCompile Include="Cheyette\Pricer\PDE_CheyetteDD_GenericSwapPricer.cpp">
      <Filter>Cheyette\Pricer</Filter>
    </ClCompile>
    <ClCompile Include="Cheyette\Pricer\PDE_CheyetteDD_VanillaSwapPricer.cpp">
      <Filter>Cheyette\Pricer</Filter>
    </ClCompile>
    <ClCompile Include="Instrument\Coupon\CappedFlooredCoupon.cpp">
      <Filter>Instrument\Coupon</Filter>
    </ClCompile>
    <ClCompile Include="Instrument\Coupon\Coupon.cpp">
      <Filter>Instrument\Coupon</Filter>
    </ClCompile>
    <ClCompile Include="Instrument\Coupon\CouponLeg.cpp">
      <Filter>Instrument\Coupon</Filter>
    </ClCompile>
    <ClCompile Include="Instrument\Coupon\RatchetCoupon.cpp">
      <Filter>Instrument\Coupon</Filter>
    </ClCompile>
    <ClCompile Include="Instrument\Coupon\TargetCoupon.cpp">
      <Filter>Instrument\Coupon</Filter>
    </ClCompile>
    <ClCompile Include="Instrument\GenericSwap\GenericSwap.cpp">
      <Filter>Instrument\GenericSwap</Filter>
    </ClCompile>
    <ClCompile Include="Instrument\GenericSwap\GenericSwaption.cpp">
      <Filter>Instrument\GenericSwap</Filter>
    </ClCompile>
    <ClCompile Include="Instrument\Rate\ConstRate.cpp">
      <Filter>Instrument\Rate</Filter>
    </ClCompile>
    <ClCompile Include="Instrument\Rate\LiborRate.cpp">
      <Filter>Instrument\Rate</Filter>
    </ClCompile>
    <ClCompile Include="Instrument\Rate\Rate1.cpp">
      <Filter>Instrument\Rate</Filter>
    </ClCompile>
    <ClCompile Include="Instrument\Rate\VanillaSwapRate.cpp">
      <Filter>Instrument\Rate</Filter>
    </ClCompile>
    <ClCompile Include="Instrument\BermudanSwaption.cpp">
      <Filter>Instrument</Filter>
    </ClCompile>
    <ClCompile Include="Instrument\BermudanVanillaSwaption.cpp">
      <Filter>Instrument</Filter>
    </ClCompile>
    <ClCompile Include="Instrument\Caplet.cpp">
      <Filter>Instrument</Filter>
    </ClCompile>
    <ClCompile Include="Instrument\CMS.cpp">
      <Filter>Instrument</Filter>
    </ClCompile>
    <ClCompile Include="Instrument\Instrument.cpp">
      <Filter>Instrument</Filter>
    </ClCompile>
    <ClCompile Include="Instrument\InstrumentFactory.cpp">
      <Filter>Instrument</Filter>
    </ClCompile>
    <ClCompile Include="Instrument\Tarn.cpp">
      <Filter>Instrument</Filter>
    </ClCompile>
    <ClCompile Include="Instrument\VanillaCaplet.cpp">
      <Filter>Instrument</Filter>
    </ClCompile>
    <ClCompile Include="Instrument\VanillaFRA.cpp">
      <Filter>Instrument</Filter>
    </ClCompile>
    <ClCompile Include="Instrument\VanillaSwap.cpp">
      <Filter>Instrument</Filter>
    </ClCompile>
    <ClCompile Include="Instrument\VanillaSwaption.cpp">
      <Filter>Instrument</Filter>
    </ClCompile>
    <ClCompile Include="Numeric\BilinearInterpolation.cpp">
      <Filter>Numeric</Filter>
    </ClCompile>
    <ClCompile Include="Numeric\Integrator1D.cpp">
      <Filter>Numeric</Filter>
    </ClCompile>
    <ClCompile Include="Numeric\Interpolation.cpp">
      <Filter>Numeric</Filter>
    </ClCompile>
    <ClCompile Include="Numeric\NumericalMethods.cpp">
      <Filter>Numeric</Filter>
    </ClCompile>
    <ClCompile Include="Numeric\PCA.cpp">
      <Filter>Numeric</Filter>
    </ClCompile>
    <ClCompile Include="Numeric\RebonatoAngle.cpp">
      <Filter>Numeric</Filter>
    </ClCompile>
    <ClCompile Include="Numeric\UpperTriangularMatrixInterpolator.cpp">
      <Filter>Numeric</Filter>
    </ClCompile>
    <ClCompile Include="RNGenerator\McGenerator.cpp">
      <Filter>RNGenerator</Filter>
    </ClCompile>
    <ClCompile Include="RNGenerator\QMcGenerator.cpp">
      <Filter>RNGenerator</Filter>
    </ClCompile>
    <ClCompile Include="PDE\Matrix\Matrix.cpp">
      <Filter>PDE\Matrix</Filter>
    </ClCompile>
    <ClCompile Include="PDE\Matrix\svd.cpp">
      <Filter>PDE\Matrix</Filter>
    </ClCompile>
    <ClCompile Include="PDE\Matrix\test_Matrix_class.cpp">
      <Filter>PDE\Matrix</Filter>
    </ClCompile>
    <ClCompile Include="PDE\Matrix\TridiagonalMatrix.cpp">
      <Filter>PDE\Matrix</Filter>
    </ClCompile>
    <ClCompile Include="PDE\BoundaryCondition\Space_BoundaryCondition_Diriclet.cpp">
      <Filter>PDE\BoundaryCondition</Filter>
    </ClCompile>
    <ClCompile Include="PDE\BoundaryCondition\Space_BoundaryCondition_Neumann.cpp">
      <Filter>PDE\BoundaryCondition</Filter>
    </ClCompile>
    <ClCompile Include="PDE\BoundaryCondition\Space_BoundaryCondition_PDE.cpp">
      <Filter>PDE\BoundaryCondition</Filter>
    </ClCompile>
    <ClCompile Include="PDE\Discretization\Discretization.cpp">
      <Filter>PDE\Discretization</Filter>
    </ClCompile>
    <ClCompile Include="PDE\Discretization\Discretization_Simple.cpp">
      <Filter>PDE\Discretization</Filter>
    </ClCompile>
    <ClCompile Include="PDE\Discretization\Range.cpp">
      <Filter>PDE\Discretization</Filter>
    </ClCompile>
    <ClCompile Include="PDE\Solver\Linear_Equation_Solver.cpp">
      <Filter>PDE\Solver</Filter>
    </ClCompile>
    <ClCompile Include="PDE\Solver\PDE_ADI_Solver.cpp">
      <Filter>PDE\Solver</Filter>
    </ClCompile>
    <ClCompile Include="PDE\Scheme\Scheme_ADI.cpp">
      <Filter>PDE\Scheme</Filter>
    </ClCompile>
    <ClCompile Include="PDE\Scheme\Scheme_CS.cpp">
      <Filter>PDE\Scheme</Filter>
    </ClCompile>
    <ClCompile Include="PDE\Scheme\Scheme_Douglas.cpp">
      <Filter>PDE\Scheme</Filter>
    </ClCompile>
    <ClCompile Include="PDE\Scheme\Scheme_HV.cpp">
      <Filter>PDE\Scheme</Filter>
    </ClCompile>
    <ClCompile Include="PDE\Scheme\Scheme_MCS.cpp">
      <Filter>PDE\Scheme</Filter>
    </ClCompile>
    <ClCompile Include="PDE\Scheme\Scheme_Yanenko.cpp">
      <Filter>PDE\Scheme</Filter>
    </ClCompile>
    <ClCompile Include="PDE\useful_function.cpp">
      <Filter>PDE</Filter>
    </ClCompile>
    <ClCompile Include="PDE\Test_PDE_SLV.cpp">
      <Filter>PDE</Filter>
    </ClCompile>
    <ClCompile Include="PDE\Test_PDE_SABR.cpp">
      <Filter>PDE</Filter>
    </ClCompile>
    <ClCompile Include="PDE\Test_PDE.cpp">
      <Filter>PDE</Filter>
    </ClCompile>
    <ClCompile Include="PDE\Test_interpolator.cpp">
      <Filter>PDE</Filter>
    </ClCompile>
    <ClCompile Include="PDE\Test_FFT.cpp">
      <Filter>PDE</Filter>
    </ClCompile>
    <ClCompile Include="PDE\Interpolator.cpp">
      <Filter>PDE</Filter>
    </ClCompile>
    <ClCompile Include="PDE\Heston_analytical_pricer.cpp">
      <Filter>PDE</Filter>
    </ClCompile>
    <ClCompile Include="PDE\GaussLegendre.cpp">
      <Filter>PDE</Filter>
    </ClCompile>
    <ClCompile Include="PDE\FFT.cpp">
      <Filter>PDE</Filter>
    </ClCompile>
    <ClCompile Include="LMM\Calibration\ATMSwaptionMarketData.cpp">
      <Filter>LMM\Calibration</Filter>
    </ClCompile>
    <ClCompile Include="LMM\Calibration\CalibrationType.cpp">
      <Filter>LMM\Calibration</Filter>
    </ClCompile>
    <ClCompile Include="LMM\Calibration\LmmCalibrationConfig.cpp">
      <Filter>LMM\Calibration</Filter>
    </ClCompile>
    <ClCompile Include="LMM\Calibration\LmmPenalty.cpp">
      <Filter>LMM\Calibration</Filter>
    </ClCompile>
    <ClCompile Include="LMM\Calibration\SwaptionMarketDataContainer.cpp">
      <Filter>LMM\Calibration</Filter>
    </ClCompile>
    <ClCompile Include="LMM\Calibration\SwaptionMarketDataManager.cpp">
      <Filter>LMM\Calibration</Filter>
    </ClCompile>
    <ClCompile Include="LMM\Calibration\TestCostFunction.cpp">
      <Filter>LMM\Calibration</Filter>
    </ClCompile>
    <ClCompile Include="LMM\Calibration\TestHGVolatilityParam.cpp">
      <Filter>LMM\Calibration</Filter>
    </ClCompile>
    <ClCompile Include="LMM\Calibration\Calibrator_CostFunction\CalibrationShiftCostFunction.cpp">
      <Filter>LMM\Calibration\Calibration_CostFunction</Filter>
    </ClCompile>
    <ClCompile Include="LMM\Calibration\Calibrator_CostFunction\LmmABCDCalibrator.cpp">
      <Filter>LMM\Calibration\Calibration_CostFunction</Filter>
    </ClCompile>
    <ClCompile Include="LMM\Calibration\Calibrator_CostFunction\LmmABCDCostFunction.cpp">
      <Filter>LMM\Calibration\Calibration_CostFunction</Filter>
    </ClCompile>
    <ClCompile Include="LMM\Calibration\Calibrator_CostFunction\LmmBaseCalibrator.cpp">
      <Filter>LMM\Calibration\Calibration_CostFunction</Filter>
    </ClCompile>
    <ClCompile Include="LMM\Calibration\Calibrator_CostFunction\LmmCascade_gCalibrator.cpp">
      <Filter>LMM\Calibration\Calibration_CostFunction</Filter>
    </ClCompile>
    <ClCompile Include="LMM\Calibration\Calibrator_CostFunction\LmmCascade_gCostFunction.cpp">
      <Filter>LMM\Calibration\Calibration_CostFunction</Filter>
    </ClCompile>
    <ClCompile Include="LMM\Calibration\Calibrator_CostFunction\LmmCorrelationCalibrator.cpp">
      <Filter>LMM\Calibration\Calibration_CostFunction</Filter>
    </ClCompile>
    <ClCompile Include="LMM\Calibration\Calibrator_CostFunction\LmmCorrelationCostFunction.cpp">
      <Filter>LMM\Calibration\Calibration_CostFunction</Filter>
    </ClCompile>
    <ClCompile Include="LMM\Calibration\Calibrator_CostFunction\LmmGlobal_gCalibrator.cpp">
      <Filter>LMM\Calibration\Calibration_CostFunction</Filter>
    </ClCompile>
    <ClCompile Include="LMM\Calibration\Calibrator_CostFunction\LmmGlobal_gCostFunction.cpp">
      <Filter>LMM\Calibration\Calibration_CostFunction</Filter>
    </ClCompile>
    <ClCompile Include="LMM\Calibration\Calibrator_CostFunction\LmmLocal_gCalibrator.cpp">
      <Filter>LMM\Calibration\Calibration_CostFunction</Filter>
    </ClCompile>
    <ClCompile Include="LMM\Calibration\Calibrator_CostFunction\LmmLocal_gCostFunction.cpp">
      <Filter>LMM\Calibration\Calibration_CostFunction</Filter>
    </ClCompile>
    <ClCompile Include="LMM\Calibration\Calibrator_CostFunction\LmmShiftCalibrator.cpp">
      <Filter>LMM\Calibration\Calibration_CostFunction</Filter>
    </ClCompile>
    <ClCompile Include="LMM\Calibration\Calibrator_CostFunction\LmmSkewCostFunction.cpp">
      <Filter>LMM\Calibration\Calibration_CostFunction</Filter>
    </ClCompile>
    <ClCompile Include="LMM\Mc\McLmm.cpp">
      <Filter>LMM\Mc</Filter>
    </ClCompile>
    <ClCompile Include="LMM\Mc\McSpotLmm.cpp">
      <Filter>LMM\Mc</Filter>
    </ClCompile>
    <ClCompile Include="LMM\Mc\McTerminalLmm.cpp">
      <Filter>LMM\Mc</Filter>
    </ClCompile>
    <ClCompile Include="LMM\Model\BetaLmm.cpp">
      <Filter>LMM\Model</Filter>
    </ClCompile>
    <ClCompile Include="LMM\Model\BetaShifted_HGVolatilityFunction.cpp">
      <Filter>LMM\Model</Filter>
    </ClCompile>
    <ClCompile Include="LMM\Model\ConstShifted_HGVolatilityFunction.cpp">
      <Filter>LMM\Model</Filter>
    </ClCompile>
    <ClCompile Include="LMM\Model\Correlation.cpp">
      <Filter>LMM\Model</Filter>
    </ClCompile>
    <ClCompile Include="LMM\Model\Dispersion.cpp">
      <Filter>LMM\Model</Filter>
    </ClCompile>
    <ClCompile Include="LMM\Model\Lmm.cpp">
      <Filter>LMM\Model</Filter>
    </ClCompile>
    <ClCompile Include="LMM\Model\Shifted_HGVolatilityFunction.cpp">
      <Filter>LMM\Model</Filter>
    </ClCompile>
    <ClCompile Include="LMM\Model\ShiftedLmm.cpp">
      <Filter>LMM\Model</Filter>
    </ClCompile>
    <ClCompile Include="LMM\Helper\BuildVariable.cpp">
      <Filter>LMM\Helper</Filter>
    </ClCompile>
    <ClCompile Include="LMM\Helper\GenericPath.cpp">
      <Filter>LMM\Helper</Filter>
    </ClCompile>
    <ClCompile Include="LMM\Helper\LmmGnuplotPrinterMatrix.cpp">
      <Filter>LMM\Helper</Filter>
    </ClCompile>
    <ClCompile Include="LMM\Helper\LMMTenorStructure.cpp">
      <Filter>LMM\Helper</Filter>
    </ClCompile>
    <ClCompile Include="LMM\Helper\Noise.cpp">
      <Filter>LMM\Helper</Filter>
    </ClCompile>
    <ClCompile Include="LMM\Helper\TenorType.cpp">
      <Filter>LMM\Helper</Filter>
    </ClCompile>
    <ClCompile Include="LMM\Helper\Tensor.cpp">
      <Filter>LMM\Helper</Filter>
    </ClCompile>
    <ClCompile Include="LMM\Helper\TypeConverter.cpp">
      <Filter>LMM\Helper</Filter>
    </ClCompile>
    <ClCompile Include="LMM\Test\Test.cpp">
      <Filter>LMM\Test</Filter>
    </ClCompile>
    <ClCompile Include="LMM\Test\test_beginner.cpp">
      <Filter>LMM\Test</Filter>
    </ClCompile>
    <ClCompile Include="LMM\Test\Test_BlackGreek.cpp">
      <Filter>LMM\Test</Filter>
    </ClCompile>
    <ClCompile Include="LMM\Test\Test_CalibrationConfig.cpp">
      <Filter>LMM\Test</Filter>
    </ClCompile>
    <ClCompile Include="LMM\Test\Test_CalibrationShiftWithSwaptionVolSkew.cpp">
      <Filter>LMM\Test</Filter>
    </ClCompile>
    <ClCompile Include="LMM\Test\Test_CalibrationWithATMSwaptionVol.cpp">
      <Filter>LMM\Test</Filter>
    </ClCompile>
    <ClCompile Include="LMM\Test\Test_createLmmModel.cpp">
      <Filter>LMM\Test</Filter>
    </ClCompile>
    <ClCompile Include="LMM\Test\Test_DerivatibleFunction.cpp">
      <Filter>LMM\Test</Filter>
    </ClCompile>
    <ClCompile Include="LMM\Test\Test_Functional.cpp">
      <Filter>LMM\Test</Filter>
    </ClCompile>
    <ClCompile Include="LMM\Test\Test_GMatrixMapping.cpp">
      <Filter>LMM\Test</Filter>
    </ClCompile>
    <ClCompile Include="LMM\Test\Test_Interpolation.cpp">
      <Filter>LMM\Test</Filter>
    </ClCompile>
    <ClCompile Include="LMM\Test\Test_LmmABCDFinder.cpp">
      <Filter>LMM\Test</Filter>
    </ClCompile>
    <ClCompile Include="LMM\Test\Test_LmmCalibrationConfig.cpp">
      <Filter>LMM\Test</Filter>
    </ClCompile>
    <ClCompile Include="LMM\Test\Test_LmmCalibrationMarketData.cpp">
      <Filter>LMM\Test</Filter>
    </ClCompile>
    <ClCompile Include="LMM\Test\Test_LmmCalibrationSensitivity.cpp">
      <Filter>LMM\Test</Filter>
    </ClCompile>
    <ClCompile Include="LMM\Test\Test_LmmGnuplotPrinterMatrix.cpp">
      <Filter>LMM\Test</Filter>
    </ClCompile>
    <ClCompile Include="LMM\Test\Test_LmmRegularizedCalibrationMarketData.cpp">
      <Filter>LMM\Test</Filter>
    </ClCompile>
    <ClCompile Include="LMM\Test\Test_LmmSwaptionMarketData.cpp">
      <Filter>LMM\Test</Filter>
    </ClCompile>
    <ClCompile Include="LMM\Test\Test_LmmVirtualCalibration.cpp">
      <Filter>LMM\Test</Filter>
    </ClCompile>
    <ClCompile Include="LMM\Test\Test_LmmVirtualCorrelationCalibraton.cpp">
      <Filter>LMM\Test</Filter>
    </ClCompile>
    <ClCompile Include="LMM\Test\Test_McTerminalLmm.cpp">
      <Filter>LMM\Test</Filter>
    </ClCompile>
    <ClCompile Include="LMM\Test\Test_Noise.cpp">
      <Filter>LMM\Test</Filter>
    </ClCompile>
    <ClCompile Include="LMM\Test\Test_UpperTriangleVanillaSwaptionQuotes.cpp">
      <Filter>LMM\Test</Filter>
    </ClCompile>
    <ClCompile Include="LMM\Test\Test_VanillaCapletPricer.cpp">
      <Filter>LMM\Test</Filter>
    </ClCompile>
    <ClCompile Include="LMM\Test\Test_VanillaFRAPricer.cpp">
      <Filter>LMM\Test</Filter>
    </ClCompile>
    <ClCompile Include="LMM\Test\Test_VanillaSwapPricer.cpp">
      <Filter>LMM\Test</Filter>
    </ClCompile>
    <ClCompile Include="LMM\Test\Test_VanillaSwaptionPricer.cpp">
      <Filter>LMM\Test</Filter>
    </ClCompile>
    <ClCompile Include="LMM\Test\Test_VanillaSwaptionPricer_MCvsApprox.cpp">
      <Filter>LMM\Test</Filter>
    </ClCompile>
    <ClCompile Include="LMM\LmmABCDFinder.cpp">
      <Filter>LMM</Filter>
    </ClCompile>
    <ClCompile Include="LMM\LmmSwaptionMarketData.cpp">
      <Filter>LMM</Filter>
    </ClCompile>
    <ClCompile Include="LMM\LmmSwaptionMarketDataFull.cpp">
      <Filter>LMM</Filter>
    </ClCompile>
    <ClCompile Include="LMM\UpperTriangleVanillaSwaptionQuotes.cpp">
      <Filter>LMM</Filter>
    </ClCompile>
    <ClCompile Include="LMM\VolatilityGridBuilder.cpp">
      <Filter>LMM</Filter>
    </ClCompile>
    <ClCompile Include="LMM\Pricer\GenericVanillaSwapPricer.cpp">
      <Filter>LMM\Pricer</Filter>
    </ClCompile>
    <ClCompile Include="LMM\Pricer\LmmInstrumentPricer.cpp">
      <Filter>LMM\Pricer</Filter>
    </ClCompile>
    <ClCompile Include="LMM\Pricer\LmmAnalyticalPricer\LmmVanillaCapletPricer.cpp">
      <Filter>LMM\Pricer\LmmAnalyticalPricer</Filter>
    </ClCompile>
    <ClCompile Include="LMM\Pricer\LmmAnalyticalPricer\LmmVanillaFRAPricer.cpp">
      <Filter>LMM\Pricer\LmmAnalyticalPricer</Filter>
    </ClCompile>
    <ClCompile Include="LMM\Pricer\LmmAnalyticalPricer\LmmVanillaSwapPricer.cpp">
      <Filter>LMM\Pricer\LmmAnalyticalPricer</Filter>
    </ClCompile>
    <ClCompile Include="LMM\Pricer\LmmApproximationPricer\LmmVanillaSwaptionApproxPricer_MP.cpp">
      <Filter>LMM\Pricer\LmmApproximationPricer</Filter>
    </ClCompile>
    <ClCompile Include="LMM\Pricer\LmmApproximationPricer\LmmVanillaSwaptionApproxPricer_Piterbarg.cpp">
      <Filter>LMM\Pricer\LmmApproximationPricer</Filter>
    </ClCompile>
    <ClCompile Include="LMM\Pricer\LmmApproximationPricer\LmmVanillaSwaptionApproxPricer_Rebonato.cpp">
      <Filter>LMM\Pricer\LmmApproximationPricer</Filter>
    </ClCompile>
    <ClCompile Include="LMM\Pricer\Longstaff_Schwartz\Basis.cpp">
      <Filter>LMM\Pricer\Longstaff_Schwartz</Filter>
    </ClCompile>
    <ClCompile Include="LMM\Pricer\Longstaff_Schwartz\Basis_Evaluator.cpp">
      <Filter>LMM\Pricer\Longstaff_Schwartz</Filter>
    </ClCompile>
    <ClCompile Include="LMM\Pricer\Longstaff_Schwartz\EV.cpp">
      <Filter>LMM\Pricer\Longstaff_Schwartz</Filter>
    </ClCompile>
    <ClCompile Include="LMM\Pricer\Longstaff_Schwartz\EV_Evaluator.cpp">
      <Filter>LMM\Pricer\Longstaff_Schwartz</Filter>
    </ClCompile>
    <ClCompile Include="LMM\Pricer\Longstaff_Schwartz\LS_BackwardAlgo.cpp">
      <Filter>LMM\Pricer\Longstaff_Schwartz</Filter>
    </ClCompile>
    <ClCompile Include="LMM\Pricer\Longstaff_Schwartz\LS_ForwardAlgo.cpp">
      <Filter>LMM\Pricer\Longstaff_Schwartz</Filter>
    </ClCompile>
    <ClCompile Include="LMM\Pricer\Longstaff_Schwartz\McLmm_LS.cpp">
      <Filter>LMM\Pricer\Longstaff_Schwartz</Filter>
    </ClCompile>
    <ClCompile Include="LMM\Pricer\Longstaff_Schwartz\Regression_LS.cpp">
      <Filter>LMM\Pricer\Longstaff_Schwartz</Filter>
    </ClCompile>
    <ClCompile Include="LMM\Pricer\McLmmPricer\McLmmBermudanSwaptionPricer.cpp">
      <Filter>LMM\Pricer\McLmmPricer</Filter>
    </ClCompile>
    <ClCompile Include="LMM\Pricer\McLmmPricer\McLmmCallableOptionPricer.cpp">
      <Filter>LMM\Pricer\McLmmPricer</Filter>
    </ClCompile>
    <ClCompile Include="LMM\Pricer\McLmmPricer\McLmmGenericSwapPricer.cpp">
      <Filter>LMM\Pricer\McLmmPricer</Filter>
    </ClCompile>
    <ClCompile Include="LMM\Pricer\McLmmPricer\McLmmGenericTargetSwapPricer.cpp">
      <Filter>LMM\Pricer\McLmmPricer</Filter>
    </ClCompile>
    <ClCompile Include="LMM\Pricer\McLmmPricer\McLmmPricer.cpp">
      <Filter>LMM\Pricer\McLmmPricer</Filter>
    </ClCompile>
    <ClCompile Include="LMM\Pricer\McLmmPricer\McLmmVanillaCapletPricer.cpp">
      <Filter>LMM\Pricer\McLmmPricer</Filter>
    </ClCompile>
    <ClCompile Include="LMM\Pricer\McLmmPricer\McLmmVanillaFRAPricer.cpp">
      <Filter>LMM\Pricer\McLmmPricer</Filter>
    </ClCompile>
    <ClCompile Include="LMM\Pricer\McLmmPricer\McLmmVanillaSwapPricer.cpp">
      <Filter>LMM\Pricer\McLmmPricer</Filter>
    </ClCompile>
    <ClCompile Include="LMM\Pricer\McLmmPricer\McLmmVanillaSwaptionPricer.cpp">
      <Filter>LMM\Pricer\McLmmPricer</Filter>
    </ClCompile>
    <ClCompile Include="StaticReplication\CombinationOperator.cpp">
      <Filter>StaticReplication</Filter>
    </ClCompile>
    <ClCompile Include="StaticReplication\DerivatibleFunction.cpp">
      <Filter>StaticReplication</Filter>
    </ClCompile>
    <ClCompile Include="StaticReplication\Functional.cpp">
      <Filter>StaticReplication</Filter>
    </ClCompile>
    <ClCompile Include="StaticReplication\StaticReplicationCMS.cpp">
      <Filter>StaticReplication</Filter>
    </ClCompile>
    <ClCompile Include="StaticReplication\StaticReplicationFormula.cpp">
      <Filter>StaticReplication</Filter>
    </ClCompile>
    <ClCompile Include="main.cpp" />
    <ClCompile Include="LMM\Calibration\GMatrixMapping.cpp">
      <Filter>LMM\Calibration</Filter>
    </ClCompile>
    <ClCompile Include="Cheyette\Pricer\MC_Cheyette_VanillaSwapPricer.cpp">
      <Filter>Cheyette\Pricer</Filter>
    </ClCompile>
    <ClCompile Include="Cheyette\Calibration\Cheyette_CostFunctionConvexity.cpp">
      <Filter>Cheyette\Calibration</Filter>
    </ClCompile>
    <ClCompile Include="Cheyette\Calibration\Cheyette_CostFunctionLevel.cpp">
      <Filter>Cheyette\Calibration</Filter>
    </ClCompile>
    <ClCompile Include="Cheyette\Calibration\Cheyette_CostFunctionSkew.cpp">
      <Filter>Cheyette\Calibration</Filter>
    </ClCompile>
    <ClCompile Include="Cheyette\Pricer\Cheyette_SwaptionPricer_Approx.cpp">
      <Filter>Cheyette\Pricer</Filter>
    </ClCompile>
    <ClCompile Include="Cheyette\Pricer\Cheyette_SwaptionPricer_LinearApprox.cpp">
      <Filter>Cheyette\Pricer</Filter>
    </ClCompile>
    <ClCompile Include="Cheyette\Pricer\Cheyette_SwaptionPricer_QuadApprox.cpp">
      <Filter>Cheyette\Pricer</Filter>
    </ClCompile>
    <ClCompile Include="Cheyette\Calibration\CheyetteBaseCalibrator.cpp">
      <Filter>Cheyette\Calibration</Filter>
    </ClCompile>
    <ClCompile Include="Cheyette\Calibration\CheyetteBaseCostFunction.cpp">
      <Filter>Cheyette\Calibration</Filter>
    </ClCompile>
    <ClCompile Include="Cheyette\Calibration\CheyetteDD_LocalCalibrator.cpp">
      <Filter>Cheyette\Calibration</Filter>
    </ClCompile>
    <ClCompile Include="Cheyette\Calibration\CheyetteQuad_LocalCalibrator.cpp">
      <Filter>Cheyette\Calibration</Filter>
    </ClCompile>
    <ClCompile Include="Cheyette\Calibration\CheyetteMarketData.cpp">
      <Filter>Cheyette\Calibration</Filter>
    </ClCompile>
    <ClCompile Include="Cheyette\Calibration\CheyetteMarketData_2.cpp">
      <Filter>Cheyette\Calibration</Filter>
    </ClCompile>
    <ClCompile Include="Cheyette\unit_test\TestMC.cpp">
      <Filter>Cheyette\Test</Filter>
    </ClCompile>
    <ClCompile Include="Cheyette\unit_test\TestIntegrator1D_2D.cpp">
      <Filter>Cheyette\Test</Filter>
    </ClCompile>
    <ClCompile Include="Cheyette\unit_test\TestFonction.cpp">
      <Filter>Cheyette\Test</Filter>
    </ClCompile>
    <ClCompile Include="Cheyette\unit_test\TestCalibrator.cpp">
      <Filter>Cheyette\Test</Filter>
    </ClCompile>
    <ClCompile Include="Cheyette\unit_test\TestApproxDD.cpp">
      <Filter>Cheyette\Test</Filter>
    </ClCompile>
    <ClCompile Include="Cheyette\unit_test\TestApproxCall.cpp">
      <Filter>Cheyette\Test</Filter>
    </ClCompile>
    <ClCompile Include="Cheyette\unit_test\Test_LectureFichier.cpp">
      <Filter>Cheyette\Test</Filter>
    </ClCompile>
    <ClCompile Include="Cheyette\unit_test\Test_comparaison_MC_approx.cpp">
      <Filter>Cheyette\Test</Filter>
    </ClCompile>
    <ClCompile Include="Cheyette\unit_test\Test_CheyetteQuad_Model.cpp">
      <Filter>Cheyette\Test</Filter>
    </ClCompile>
    <ClCompile Include="Cheyette\unit_test\Test_CheyetteDD_Model.cpp">
      <Filter>Cheyette\Test</Filter>
    </ClCompile>
    <ClCompile Include="Cheyette\Model\CheyetteModel.cpp">
      <Filter>Cheyette\Model</Filter>
    </ClCompile>
    <ClCompile Include="Cheyette\Pricer\MC_Cheyette_VanillaSwaptionPricer.cpp">
      <Filter>Cheyette\Pricer</Filter>
    </ClCompile>
    <ClCompile Include="LMM\Test\Test_Junbin\JBTest.cpp" />
    <ClCompile Include="LMM\Test\Test_Junbin\Test_10_basis.cpp" />
    <ClCompile Include="LMM\Test\Test_Junbin\Test_Comparaison_VanillaSwap.cpp" />
    <ClCompile Include="LMM\Test\Test_Junbin\Test_GeneticTargetSwapOneTrajectory.cpp" />
    <ClCompile Include="LMM\Test\Test_Junbin\Test_JBLmmCalibrationMarketData.cpp" />
    <ClCompile Include="LMM\Test\Test_Junbin\Test_Longstaff_Schwartz.cpp" />
    <ClCompile Include="LMM\Test\Test_Junbin\Test_McGeneticSwapLMMPricer.cpp" />
    <ClCompile Include="LMM\Test\Test_Junbin\Test_McGeneticTargetSwapPricing.cpp" />
    <ClCompile Include="LMM\Test\Test_Junbin\Test_oneset_basis_pricing.cpp" />
    <ClCompile Include="LMM\Test\Test_Junbin\unit_test\Test_evaluation_basis.cpp" />
    <ClCompile Include="LMM\Pricer\McLmmPricer\McLmmCallableGenericSwapPricer.cpp" />
    <ClCompile Include="Instrument\CallableOption\CallableInstrument.cpp" />
    <ClCompile Include="Instrument\CallableOption\CallableGenericSwap.cpp" />
  </ItemGroup>
</Project>